// !$*UTF8*$!
{
	archiveVersion = 1;
	classes = {
	};
	objectVersion = 46;
	objects = {

/* Begin PBXBuildFile section */
		25036AAA198D294600EAE355 /* tabbar1.png in Resources */ = {isa = PBXBuildFile; fileRef = 25036AA2198D294600EAE355 /* tabbar1.png */; };
		25036AAB198D294600EAE355 /* tabbar1@2x.png in Resources */ = {isa = PBXBuildFile; fileRef = 25036AA3198D294600EAE355 /* tabbar1@2x.png */; };
		25036AAC198D294600EAE355 /* tabbar2.png in Resources */ = {isa = PBXBuildFile; fileRef = 25036AA4198D294600EAE355 /* tabbar2.png */; };
		25036AAD198D294600EAE355 /* tabbar2@2x.png in Resources */ = {isa = PBXBuildFile; fileRef = 25036AA5198D294600EAE355 /* tabbar2@2x.png */; };
		25036AAE198D294600EAE355 /* tabbar3.png in Resources */ = {isa = PBXBuildFile; fileRef = 25036AA6198D294600EAE355 /* tabbar3.png */; };
		25036AAF198D294600EAE355 /* tabbar3@2x.png in Resources */ = {isa = PBXBuildFile; fileRef = 25036AA7198D294600EAE355 /* tabbar3@2x.png */; };
		25036AB0198D294600EAE355 /* tabbar4.png in Resources */ = {isa = PBXBuildFile; fileRef = 25036AA8198D294600EAE355 /* tabbar4.png */; };
		25036AB1198D294600EAE355 /* tabbar4@2x.png in Resources */ = {isa = PBXBuildFile; fileRef = 25036AA9198D294600EAE355 /* tabbar4@2x.png */; };
		25036AC3198D2CCE00EAE355 /* NSManagedObject+Fetch.m in Sources */ = {isa = PBXBuildFile; fileRef = 25036ABE198D2CCE00EAE355 /* NSManagedObject+Fetch.m */; };
		25036AC4198D2CCE00EAE355 /* NSManagedObjectContext+FetchedObjectFromURI.m in Sources */ = {isa = PBXBuildFile; fileRef = 25036AC0198D2CCE00EAE355 /* NSManagedObjectContext+FetchedObjectFromURI.m */; };
		25036AC5198D2CCE00EAE355 /* UIImage+Additions.m in Sources */ = {isa = PBXBuildFile; fileRef = 25036AC2198D2CCE00EAE355 /* UIImage+Additions.m */; };
		25036AC8198D2CDA00EAE355 /* ManagedObject.m in Sources */ = {isa = PBXBuildFile; fileRef = 25036AC7198D2CDA00EAE355 /* ManagedObject.m */; };
		25036AD4198D2E6900EAE355 /* _LMUser.m in Sources */ = {isa = PBXBuildFile; fileRef = 25036AD1198D2E6900EAE355 /* _LMUser.m */; };
		25036AD5198D2E6900EAE355 /* LMUser.m in Sources */ = {isa = PBXBuildFile; fileRef = 25036AD3198D2E6900EAE355 /* LMUser.m */; };
		25036ADB198D466600EAE355 /* LMAppUtils.m in Sources */ = {isa = PBXBuildFile; fileRef = 25036ADA198D466600EAE355 /* LMAppUtils.m */; };
		25036ADD198D4D1300EAE355 /* settings.plist in Resources */ = {isa = PBXBuildFile; fileRef = 25036ADC198D4D1300EAE355 /* settings.plist */; };
		25036ADF198D51A500EAE355 /* logo.png in Resources */ = {isa = PBXBuildFile; fileRef = 25036ADE198D51A500EAE355 /* logo.png */; };
		25036AE1198D521F00EAE355 /* logoSplash.png in Resources */ = {isa = PBXBuildFile; fileRef = 25036AE0198D521F00EAE355 /* logoSplash.png */; };
		25036AE9198D5EE300EAE355 /* LMBranchTableViewCell.m in Sources */ = {isa = PBXBuildFile; fileRef = 25036AE8198D5EE300EAE355 /* LMBranchTableViewCell.m */; };
		25036AEB198D5F0700EAE355 /* LMBranchTableViewCell_iPhone.xib in Resources */ = {isa = PBXBuildFile; fileRef = 25036AEA198D5F0700EAE355 /* LMBranchTableViewCell_iPhone.xib */; };
		250F89AB1991566900D91836 /* pickListData.json in Resources */ = {isa = PBXBuildFile; fileRef = 250F89AA1991566900D91836 /* pickListData.json */; };
		250F89AE1991577500D91836 /* LMReferenceData.m in Sources */ = {isa = PBXBuildFile; fileRef = 250F89AD1991577500D91836 /* LMReferenceData.m */; };
		250F89BA19915B0000D91836 /* LMDataPickerView_iPhone.xib in Resources */ = {isa = PBXBuildFile; fileRef = 250F89B919915B0000D91836 /* LMDataPickerView_iPhone.xib */; };
		250F89BD19915C1B00D91836 /* LMDataPickerView.m in Sources */ = {isa = PBXBuildFile; fileRef = 250F89BC19915C1B00D91836 /* LMDataPickerView.m */; };
		250F89C01991FBDF00D91836 /* LMDataPickerViewController.m in Sources */ = {isa = PBXBuildFile; fileRef = 250F89BF1991FBDF00D91836 /* LMDataPickerViewController.m */; };
		250F89C319920B4A00D91836 /* LMAlertSummaryViewController.m in Sources */ = {isa = PBXBuildFile; fileRef = 250F89C219920B4A00D91836 /* LMAlertSummaryViewController.m */; };
		250F89C519920B6E00D91836 /* LMAlertSummaryViewController_iPhone.xib in Resources */ = {isa = PBXBuildFile; fileRef = 250F89C419920B6E00D91836 /* LMAlertSummaryViewController_iPhone.xib */; };
		250F89C819920C0B00D91836 /* LMSummaryBaseViewController.m in Sources */ = {isa = PBXBuildFile; fileRef = 250F89C719920C0B00D91836 /* LMSummaryBaseViewController.m */; };
		250F89CB19921D5F00D91836 /* LMDatePickerViewController.m in Sources */ = {isa = PBXBuildFile; fileRef = 250F89CA19921D5F00D91836 /* LMDatePickerViewController.m */; };
		250FD81F1986DC1C0047EB42 /* LMSummaryReportViewController.m in Sources */ = {isa = PBXBuildFile; fileRef = 250FD81E1986DC1C0047EB42 /* LMSummaryReportViewController.m */; };
		250FD8211986DC320047EB42 /* LMSummaryReportViewController_iPhone.xib in Resources */ = {isa = PBXBuildFile; fileRef = 250FD8201986DC320047EB42 /* LMSummaryReportViewController_iPhone.xib */; };
		25146A811992388F001DC8E3 /* LMDatePickerView_iPhone.xib in Resources */ = {isa = PBXBuildFile; fileRef = 25146A801992388F001DC8E3 /* LMDatePickerView_iPhone.xib */; };
		25146A84199238B3001DC8E3 /* LMDatePickerView.m in Sources */ = {isa = PBXBuildFile; fileRef = 25146A83199238B3001DC8E3 /* LMDatePickerView.m */; };
		25146A8719924FC5001DC8E3 /* LMWebViewController.m in Sources */ = {isa = PBXBuildFile; fileRef = 25146A8619924FC5001DC8E3 /* LMWebViewController.m */; };
		25146A8919924FDA001DC8E3 /* LMWebViewController_iPhone.xib in Resources */ = {isa = PBXBuildFile; fileRef = 25146A8819924FDA001DC8E3 /* LMWebViewController_iPhone.xib */; };
		25146A8F199290D2001DC8E3 /* LMRotateViewController.m in Sources */ = {isa = PBXBuildFile; fileRef = 25146A8E199290D2001DC8E3 /* LMRotateViewController.m */; };
		252CB2D819901454002677B8 /* LMBranchReportViewController.m in Sources */ = {isa = PBXBuildFile; fileRef = 252CB2D719901454002677B8 /* LMBranchReportViewController.m */; };
		253F1F3E198E219400158407 /* tree.json in Resources */ = {isa = PBXBuildFile; fileRef = 253F1F3D198E219400158407 /* tree.json */; };
		253F1F4B198E276400158407 /* _LMAdvertiser.m in Sources */ = {isa = PBXBuildFile; fileRef = 253F1F40198E276400158407 /* _LMAdvertiser.m */; };
		253F1F4C198E276400158407 /* _LMInstance.m in Sources */ = {isa = PBXBuildFile; fileRef = 253F1F42198E276400158407 /* _LMInstance.m */; };
		253F1F4D198E276400158407 /* _LMReadOnlyObject.m in Sources */ = {isa = PBXBuildFile; fileRef = 253F1F44198E276400158407 /* _LMReadOnlyObject.m */; };
		253F1F4E198E276400158407 /* LMAdvertiser.m in Sources */ = {isa = PBXBuildFile; fileRef = 253F1F46198E276400158407 /* LMAdvertiser.m */; };
		253F1F4F198E276400158407 /* LMInstance.m in Sources */ = {isa = PBXBuildFile; fileRef = 253F1F48198E276400158407 /* LMInstance.m */; };
		253F1F50198E276400158407 /* LMReadOnlyObject.m in Sources */ = {isa = PBXBuildFile; fileRef = 253F1F4A198E276400158407 /* LMReadOnlyObject.m */; };
		253F1F55198E27BD00158407 /* _LMProgram.m in Sources */ = {isa = PBXBuildFile; fileRef = 253F1F52198E27BD00158407 /* _LMProgram.m */; };
		253F1F56198E27BD00158407 /* LMProgram.m in Sources */ = {isa = PBXBuildFile; fileRef = 253F1F54198E27BD00158407 /* LMProgram.m */; };
		253F1F5A198E9DBB00158407 /* LMReportWS.m in Sources */ = {isa = PBXBuildFile; fileRef = 253F1F59198E9DBB00158407 /* LMReportWS.m */; };
		25FAFCA71990C41600FCD226 /* LMData.m in Sources */ = {isa = PBXBuildFile; fileRef = 25FAFCA61990C41600FCD226 /* LMData.m */; };
		25FAFCAA1990D42900FCD226 /* LMTabBarViewController.m in Sources */ = {isa = PBXBuildFile; fileRef = 25FAFCA91990D42900FCD226 /* LMTabBarViewController.m */; };
		25FAFCAD1990D79300FCD226 /* LMReportMenuViewController.m in Sources */ = {isa = PBXBuildFile; fileRef = 25FAFCAC1990D79300FCD226 /* LMReportMenuViewController.m */; };
		25FAFCB01990D7A000FCD226 /* LMAlertMenuViewController.m in Sources */ = {isa = PBXBuildFile; fileRef = 25FAFCAF1990D7A000FCD226 /* LMAlertMenuViewController.m */; };
		25FAFCB21990D7F200FCD226 /* LMMenuViewController_iPhone.xib in Resources */ = {isa = PBXBuildFile; fileRef = 25FAFCB11990D7F200FCD226 /* LMMenuViewController_iPhone.xib */; };
		25FAFCB51990D81F00FCD226 /* LMMenuViewController.m in Sources */ = {isa = PBXBuildFile; fileRef = 25FAFCB41990D81F00FCD226 /* LMMenuViewController.m */; };
		25FAFCB81990DBFB00FCD226 /* LMMenuTableViewCell.m in Sources */ = {isa = PBXBuildFile; fileRef = 25FAFCB71990DBFB00FCD226 /* LMMenuTableViewCell.m */; };
		25FAFCBA1990DC1B00FCD226 /* LMMenuTableViewCell_iPhone.xib in Resources */ = {isa = PBXBuildFile; fileRef = 25FAFCB91990DC1B00FCD226 /* LMMenuTableViewCell_iPhone.xib */; };
		25FAFCC71990E1D300FCD226 /* _LMReadOnlyUserObject.m in Sources */ = {isa = PBXBuildFile; fileRef = 25FAFCBC1990E1D300FCD226 /* _LMReadOnlyUserObject.m */; };
		25FAFCC81990E1D300FCD226 /* _LMUserAlert.m in Sources */ = {isa = PBXBuildFile; fileRef = 25FAFCBE1990E1D300FCD226 /* _LMUserAlert.m */; };
		25FAFCC91990E1D300FCD226 /* _LMUserReport.m in Sources */ = {isa = PBXBuildFile; fileRef = 25FAFCC01990E1D300FCD226 /* _LMUserReport.m */; };
		25FAFCCA1990E1D300FCD226 /* LMReadOnlyUserObject.m in Sources */ = {isa = PBXBuildFile; fileRef = 25FAFCC21990E1D300FCD226 /* LMReadOnlyUserObject.m */; };
		25FAFCCB1990E1D300FCD226 /* LMUserAlert.m in Sources */ = {isa = PBXBuildFile; fileRef = 25FAFCC41990E1D300FCD226 /* LMUserAlert.m */; };
		25FAFCCC1990E1D300FCD226 /* LMUserReport.m in Sources */ = {isa = PBXBuildFile; fileRef = 25FAFCC61990E1D300FCD226 /* LMUserReport.m */; };
		25FF5B46198F50B00043DA5D /* _LMReport.m in Sources */ = {isa = PBXBuildFile; fileRef = 25FF5B45198F50B00043DA5D /* _LMReport.m */; };
		25FF5B49198F50B70043DA5D /* LMReport.m in Sources */ = {isa = PBXBuildFile; fileRef = 25FF5B48198F50B70043DA5D /* LMReport.m */; };
		25FF5B4D198F68CB0043DA5D /* LMHeaderView.m in Sources */ = {isa = PBXBuildFile; fileRef = 25FF5B4C198F68CB0043DA5D /* LMHeaderView.m */; };
		25FF5B50198F68FA0043DA5D /* LMHeaderView_iPhone.xib in Resources */ = {isa = PBXBuildFile; fileRef = 25FF5B4F198F68FA0043DA5D /* LMHeaderView_iPhone.xib */; };
		C9F3FCFC4078458C841A60FD /* libPods.a in Frameworks */ = {isa = PBXBuildFile; fileRef = 8E3CEF0A0FE04D0FAC9F6EC3 /* libPods.a */; };
		EDD131AA198117B1006F39E3 /* Storyboard.storyboard in Resources */ = {isa = PBXBuildFile; fileRef = EDD131A9198117B1006F39E3 /* Storyboard.storyboard */; };
		EDD131AE198120FA006F39E3 /* LMLoginViewController_iPhone.xib in Resources */ = {isa = PBXBuildFile; fileRef = EDD131AD198120FA006F39E3 /* LMLoginViewController_iPhone.xib */; };
		EDD131B019812526006F39E3 /* LM.framework in Frameworks */ = {isa = PBXBuildFile; fileRef = EDD131AF19812526006F39E3 /* LM.framework */; };
		EDD131B31981272C006F39E3 /* LMTextField.m in Sources */ = {isa = PBXBuildFile; fileRef = EDD131B21981272C006F39E3 /* LMTextField.m */; };
		EDD131B619812ECF006F39E3 /* LMBranchViewController.m in Sources */ = {isa = PBXBuildFile; fileRef = EDD131B519812ECF006F39E3 /* LMBranchViewController.m */; };
		EDD131B919812EFD006F39E3 /* LMBranchInstanceViewController.m in Sources */ = {isa = PBXBuildFile; fileRef = EDD131B819812EFD006F39E3 /* LMBranchInstanceViewController.m */; };
		EDD131BC19812F1E006F39E3 /* LMBranchAdvertiserViewController.m in Sources */ = {isa = PBXBuildFile; fileRef = EDD131BB19812F1E006F39E3 /* LMBranchAdvertiserViewController.m */; };
		EDD131BF19812F2E006F39E3 /* LMBranchProgramViewController.m in Sources */ = {isa = PBXBuildFile; fileRef = EDD131BE19812F2E006F39E3 /* LMBranchProgramViewController.m */; };
		EDD131C119812F48006F39E3 /* LMBranchViewController_iPhone.xib in Resources */ = {isa = PBXBuildFile; fileRef = EDD131C019812F48006F39E3 /* LMBranchViewController_iPhone.xib */; };
		EDD131C81981316A006F39E3 /* LMButton.m in Sources */ = {isa = PBXBuildFile; fileRef = EDD131C71981316A006F39E3 /* LMButton.m */; };
		EDE87C0119867C7E00043861 /* LMSettingsViewController.m in Sources */ = {isa = PBXBuildFile; fileRef = EDE87C0019867C7E00043861 /* LMSettingsViewController.m */; };
		EDE87C0319867C8F00043861 /* LMSettingsViewController_iPhone.xib in Resources */ = {isa = PBXBuildFile; fileRef = EDE87C0219867C8F00043861 /* LMSettingsViewController_iPhone.xib */; };
		EDE87C0619867E9100043861 /* LMUtils.m in Sources */ = {isa = PBXBuildFile; fileRef = EDE87C0519867E9100043861 /* LMUtils.m */; };
		EDF39DFC1980FC8700E00966 /* Foundation.framework in Frameworks */ = {isa = PBXBuildFile; fileRef = EDF39DFB1980FC8700E00966 /* Foundation.framework */; };
		EDF39DFE1980FC8700E00966 /* CoreGraphics.framework in Frameworks */ = {isa = PBXBuildFile; fileRef = EDF39DFD1980FC8700E00966 /* CoreGraphics.framework */; };
		EDF39E001980FC8700E00966 /* UIKit.framework in Frameworks */ = {isa = PBXBuildFile; fileRef = EDF39DFF1980FC8700E00966 /* UIKit.framework */; };
		EDF39E021980FC8700E00966 /* CoreData.framework in Frameworks */ = {isa = PBXBuildFile; fileRef = EDF39E011980FC8700E00966 /* CoreData.framework */; };
		EDF39E231980FC8700E00966 /* XCTest.framework in Frameworks */ = {isa = PBXBuildFile; fileRef = EDF39E221980FC8700E00966 /* XCTest.framework */; };
		EDF39E241980FC8700E00966 /* Foundation.framework in Frameworks */ = {isa = PBXBuildFile; fileRef = EDF39DFB1980FC8700E00966 /* Foundation.framework */; };
		EDF39E251980FC8700E00966 /* UIKit.framework in Frameworks */ = {isa = PBXBuildFile; fileRef = EDF39DFF1980FC8700E00966 /* UIKit.framework */; };
		EDF39E261980FC8700E00966 /* CoreData.framework in Frameworks */ = {isa = PBXBuildFile; fileRef = EDF39E011980FC8700E00966 /* CoreData.framework */; };
		EDF39E2E1980FC8700E00966 /* InfoPlist.strings in Resources */ = {isa = PBXBuildFile; fileRef = EDF39E2C1980FC8700E00966 /* InfoPlist.strings */; };
		EDF39E301980FC8700E00966 /* OWNTTTests.m in Sources */ = {isa = PBXBuildFile; fileRef = EDF39E2F1980FC8700E00966 /* OWNTTTests.m */; };
		EDF39E501980FF7D00E00966 /* InfoPlist.strings in Resources */ = {isa = PBXBuildFile; fileRef = EDF39E3D1980FF7D00E00966 /* InfoPlist.strings */; };
		EDF39E511980FF7D00E00966 /* Images.xcassets in Resources */ = {isa = PBXBuildFile; fileRef = EDF39E3F1980FF7D00E00966 /* Images.xcassets */; };
		EDF39E531980FF7D00E00966 /* OWNTT.xcdatamodeld in Sources */ = {isa = PBXBuildFile; fileRef = EDF39E451980FF7D00E00966 /* OWNTT.xcdatamodeld */; };
		EDF39E541980FF7D00E00966 /* main.m in Sources */ = {isa = PBXBuildFile; fileRef = EDF39E491980FF7D00E00966 /* main.m */; };
		EDF39E551980FF7D00E00966 /* LMAppDelegate.m in Sources */ = {isa = PBXBuildFile; fileRef = EDF39E4B1980FF7D00E00966 /* LMAppDelegate.m */; };
		EDF39E5B198101D500E00966 /* LMNavigationViewController.m in Sources */ = {isa = PBXBuildFile; fileRef = EDF39E5A198101D500E00966 /* LMNavigationViewController.m */; };
		EDF39E63198103B700E00966 /* mogen.sh in Resources */ = {isa = PBXBuildFile; fileRef = EDF39E61198103B700E00966 /* mogen.sh */; };
		EDF39E64198103B700E00966 /* mogend.sh in Resources */ = {isa = PBXBuildFile; fileRef = EDF39E62198103B700E00966 /* mogend.sh */; };
		EDF39E68198104D700E00966 /* LMLoginViewController.m in Sources */ = {isa = PBXBuildFile; fileRef = EDF39E67198104D700E00966 /* LMLoginViewController.m */; };
		EDF39E6B1981059C00E00966 /* LMSplashViewController.m in Sources */ = {isa = PBXBuildFile; fileRef = EDF39E6A1981059C00E00966 /* LMSplashViewController.m */; };
		EDF39E6E1981060200E00966 /* LMSegueKeys.m in Sources */ = {isa = PBXBuildFile; fileRef = EDF39E6D1981060200E00966 /* LMSegueKeys.m */; };
		EDF39E7319810AE700E00966 /* LMHostChildBaseViewController.m in Sources */ = {isa = PBXBuildFile; fileRef = EDF39E7219810AE700E00966 /* LMHostChildBaseViewController.m */; };
		EDF39E7519810C6100E00966 /* LMSplashViewController_iPhone.xib in Resources */ = {isa = PBXBuildFile; fileRef = EDF39E7419810C6100E00966 /* LMSplashViewController_iPhone.xib */; };
/* End PBXBuildFile section */

/* Begin PBXBuildRule section */
		25462AC41981B70B0007482F /* PBXBuildRule */ = {
			isa = PBXBuildRule;
			compilerSpec = com.apple.compilers.proxy.script;
			fileType = wrapper.xcdatamodel;
			isEditable = 1;
			outputFiles = (
				"$(DERIVED_FILES_DIR)/Sources/DataModelClasses/$(INPUT_FILE_BASE).mom",
			);
			script = "${SRCROOT}/OWNTT/Scripts/mogen.sh";
		};
		25462AC61981B7D40007482F /* PBXBuildRule */ = {
			isa = PBXBuildRule;
			compilerSpec = com.apple.compilers.proxy.script;
			fileType = wrapper.xcdatamodeld;
			isEditable = 1;
			outputFiles = (
				"$(DERIVED_FILES_DIR)/Sources/DataModelClasses/$(INPUT_FILE_BASE).momd",
			);
			script = "${SRCROOT}/OWNTT/Scripts/mogend.sh";
		};
/* End PBXBuildRule section */

/* Begin PBXContainerItemProxy section */
		EDF39E271980FC8700E00966 /* PBXContainerItemProxy */ = {
			isa = PBXContainerItemProxy;
			containerPortal = EDF39DF01980FC8700E00966 /* Project object */;
			proxyType = 1;
			remoteGlobalIDString = EDF39DF71980FC8700E00966;
			remoteInfo = OWNTT;
		};
/* End PBXContainerItemProxy section */

/* Begin PBXFileReference section */
		25036AA2198D294600EAE355 /* tabbar1.png */ = {isa = PBXFileReference; lastKnownFileType = image.png; path = tabbar1.png; sourceTree = "<group>"; };
		25036AA3198D294600EAE355 /* tabbar1@2x.png */ = {isa = PBXFileReference; lastKnownFileType = image.png; path = "tabbar1@2x.png"; sourceTree = "<group>"; };
		25036AA4198D294600EAE355 /* tabbar2.png */ = {isa = PBXFileReference; lastKnownFileType = image.png; path = tabbar2.png; sourceTree = "<group>"; };
		25036AA5198D294600EAE355 /* tabbar2@2x.png */ = {isa = PBXFileReference; lastKnownFileType = image.png; path = "tabbar2@2x.png"; sourceTree = "<group>"; };
		25036AA6198D294600EAE355 /* tabbar3.png */ = {isa = PBXFileReference; lastKnownFileType = image.png; path = tabbar3.png; sourceTree = "<group>"; };
		25036AA7198D294600EAE355 /* tabbar3@2x.png */ = {isa = PBXFileReference; lastKnownFileType = image.png; path = "tabbar3@2x.png"; sourceTree = "<group>"; };
		25036AA8198D294600EAE355 /* tabbar4.png */ = {isa = PBXFileReference; lastKnownFileType = image.png; path = tabbar4.png; sourceTree = "<group>"; };
		25036AA9198D294600EAE355 /* tabbar4@2x.png */ = {isa = PBXFileReference; lastKnownFileType = image.png; path = "tabbar4@2x.png"; sourceTree = "<group>"; };
		25036ABD198D2CCE00EAE355 /* NSManagedObject+Fetch.h */ = {isa = PBXFileReference; fileEncoding = 4; lastKnownFileType = sourcecode.c.h; path = "NSManagedObject+Fetch.h"; sourceTree = "<group>"; };
		25036ABE198D2CCE00EAE355 /* NSManagedObject+Fetch.m */ = {isa = PBXFileReference; fileEncoding = 4; lastKnownFileType = sourcecode.c.objc; path = "NSManagedObject+Fetch.m"; sourceTree = "<group>"; };
		25036ABF198D2CCE00EAE355 /* NSManagedObjectContext+FetchedObjectFromURI.h */ = {isa = PBXFileReference; fileEncoding = 4; lastKnownFileType = sourcecode.c.h; path = "NSManagedObjectContext+FetchedObjectFromURI.h"; sourceTree = "<group>"; };
		25036AC0198D2CCE00EAE355 /* NSManagedObjectContext+FetchedObjectFromURI.m */ = {isa = PBXFileReference; fileEncoding = 4; lastKnownFileType = sourcecode.c.objc; path = "NSManagedObjectContext+FetchedObjectFromURI.m"; sourceTree = "<group>"; };
		25036AC1198D2CCE00EAE355 /* UIImage+Additions.h */ = {isa = PBXFileReference; fileEncoding = 4; lastKnownFileType = sourcecode.c.h; path = "UIImage+Additions.h"; sourceTree = "<group>"; };
		25036AC2198D2CCE00EAE355 /* UIImage+Additions.m */ = {isa = PBXFileReference; fileEncoding = 4; lastKnownFileType = sourcecode.c.objc; path = "UIImage+Additions.m"; sourceTree = "<group>"; };
		25036AC6198D2CDA00EAE355 /* ManagedObject.h */ = {isa = PBXFileReference; fileEncoding = 4; lastKnownFileType = sourcecode.c.h; path = ManagedObject.h; sourceTree = "<group>"; };
		25036AC7198D2CDA00EAE355 /* ManagedObject.m */ = {isa = PBXFileReference; fileEncoding = 4; lastKnownFileType = sourcecode.c.objc; path = ManagedObject.m; sourceTree = "<group>"; };
		25036AD0198D2E6900EAE355 /* _LMUser.h */ = {isa = PBXFileReference; fileEncoding = 4; lastKnownFileType = sourcecode.c.h; path = _LMUser.h; sourceTree = "<group>"; };
		25036AD1198D2E6900EAE355 /* _LMUser.m */ = {isa = PBXFileReference; fileEncoding = 4; lastKnownFileType = sourcecode.c.objc; path = _LMUser.m; sourceTree = "<group>"; };
		25036AD2198D2E6900EAE355 /* LMUser.h */ = {isa = PBXFileReference; fileEncoding = 4; lastKnownFileType = sourcecode.c.h; path = LMUser.h; sourceTree = "<group>"; };
		25036AD3198D2E6900EAE355 /* LMUser.m */ = {isa = PBXFileReference; fileEncoding = 4; lastKnownFileType = sourcecode.c.objc; path = LMUser.m; sourceTree = "<group>"; };
		25036AD9198D466600EAE355 /* LMAppUtils.h */ = {isa = PBXFileReference; fileEncoding = 4; lastKnownFileType = sourcecode.c.h; path = LMAppUtils.h; sourceTree = "<group>"; };
		25036ADA198D466600EAE355 /* LMAppUtils.m */ = {isa = PBXFileReference; fileEncoding = 4; lastKnownFileType = sourcecode.c.objc; path = LMAppUtils.m; sourceTree = "<group>"; };
		25036ADC198D4D1300EAE355 /* settings.plist */ = {isa = PBXFileReference; fileEncoding = 4; lastKnownFileType = text.plist.xml; path = settings.plist; sourceTree = "<group>"; };
		25036ADE198D51A500EAE355 /* logo.png */ = {isa = PBXFileReference; lastKnownFileType = image.png; path = logo.png; sourceTree = "<group>"; };
		25036AE0198D521F00EAE355 /* logoSplash.png */ = {isa = PBXFileReference; lastKnownFileType = image.png; path = logoSplash.png; sourceTree = "<group>"; };
		25036AE7198D5EE300EAE355 /* LMBranchTableViewCell.h */ = {isa = PBXFileReference; fileEncoding = 4; lastKnownFileType = sourcecode.c.h; path = LMBranchTableViewCell.h; sourceTree = "<group>"; };
		25036AE8198D5EE300EAE355 /* LMBranchTableViewCell.m */ = {isa = PBXFileReference; fileEncoding = 4; lastKnownFileType = sourcecode.c.objc; path = LMBranchTableViewCell.m; sourceTree = "<group>"; };
		25036AEA198D5F0700EAE355 /* LMBranchTableViewCell_iPhone.xib */ = {isa = PBXFileReference; fileEncoding = 4; lastKnownFileType = file.xib; path = LMBranchTableViewCell_iPhone.xib; sourceTree = "<group>"; };
		250F89AA1991566900D91836 /* pickListData.json */ = {isa = PBXFileReference; fileEncoding = 4; lastKnownFileType = text.json; path = pickListData.json; sourceTree = "<group>"; };
		250F89AC1991577500D91836 /* LMReferenceData.h */ = {isa = PBXFileReference; fileEncoding = 4; lastKnownFileType = sourcecode.c.h; path = LMReferenceData.h; sourceTree = "<group>"; };
		250F89AD1991577500D91836 /* LMReferenceData.m */ = {isa = PBXFileReference; fileEncoding = 4; lastKnownFileType = sourcecode.c.objc; path = LMReferenceData.m; sourceTree = "<group>"; };
		250F89B919915B0000D91836 /* LMDataPickerView_iPhone.xib */ = {isa = PBXFileReference; fileEncoding = 4; lastKnownFileType = file.xib; path = LMDataPickerView_iPhone.xib; sourceTree = "<group>"; };
		250F89BB19915C1B00D91836 /* LMDataPickerView.h */ = {isa = PBXFileReference; fileEncoding = 4; lastKnownFileType = sourcecode.c.h; path = LMDataPickerView.h; sourceTree = "<group>"; };
		250F89BC19915C1B00D91836 /* LMDataPickerView.m */ = {isa = PBXFileReference; fileEncoding = 4; lastKnownFileType = sourcecode.c.objc; path = LMDataPickerView.m; sourceTree = "<group>"; };
		250F89BE1991FBDF00D91836 /* LMDataPickerViewController.h */ = {isa = PBXFileReference; fileEncoding = 4; lastKnownFileType = sourcecode.c.h; path = LMDataPickerViewController.h; sourceTree = "<group>"; };
		250F89BF1991FBDF00D91836 /* LMDataPickerViewController.m */ = {isa = PBXFileReference; fileEncoding = 4; lastKnownFileType = sourcecode.c.objc; path = LMDataPickerViewController.m; sourceTree = "<group>"; };
		250F89C119920B4A00D91836 /* LMAlertSummaryViewController.h */ = {isa = PBXFileReference; fileEncoding = 4; lastKnownFileType = sourcecode.c.h; path = LMAlertSummaryViewController.h; sourceTree = "<group>"; };
		250F89C219920B4A00D91836 /* LMAlertSummaryViewController.m */ = {isa = PBXFileReference; fileEncoding = 4; lastKnownFileType = sourcecode.c.objc; path = LMAlertSummaryViewController.m; sourceTree = "<group>"; };
		250F89C419920B6E00D91836 /* LMAlertSummaryViewController_iPhone.xib */ = {isa = PBXFileReference; fileEncoding = 4; lastKnownFileType = file.xib; path = LMAlertSummaryViewController_iPhone.xib; sourceTree = "<group>"; };
		250F89C619920C0B00D91836 /* LMSummaryBaseViewController.h */ = {isa = PBXFileReference; fileEncoding = 4; lastKnownFileType = sourcecode.c.h; path = LMSummaryBaseViewController.h; sourceTree = "<group>"; };
		250F89C719920C0B00D91836 /* LMSummaryBaseViewController.m */ = {isa = PBXFileReference; fileEncoding = 4; lastKnownFileType = sourcecode.c.objc; path = LMSummaryBaseViewController.m; sourceTree = "<group>"; };
		250F89C919921D5F00D91836 /* LMDatePickerViewController.h */ = {isa = PBXFileReference; fileEncoding = 4; lastKnownFileType = sourcecode.c.h; path = LMDatePickerViewController.h; sourceTree = "<group>"; };
		250F89CA19921D5F00D91836 /* LMDatePickerViewController.m */ = {isa = PBXFileReference; fileEncoding = 4; lastKnownFileType = sourcecode.c.objc; path = LMDatePickerViewController.m; sourceTree = "<group>"; };
		250FD81D1986DC1C0047EB42 /* LMSummaryReportViewController.h */ = {isa = PBXFileReference; fileEncoding = 4; lastKnownFileType = sourcecode.c.h; path = LMSummaryReportViewController.h; sourceTree = "<group>"; };
		250FD81E1986DC1C0047EB42 /* LMSummaryReportViewController.m */ = {isa = PBXFileReference; fileEncoding = 4; lastKnownFileType = sourcecode.c.objc; path = LMSummaryReportViewController.m; sourceTree = "<group>"; };
		250FD8201986DC320047EB42 /* LMSummaryReportViewController_iPhone.xib */ = {isa = PBXFileReference; fileEncoding = 4; lastKnownFileType = file.xib; path = LMSummaryReportViewController_iPhone.xib; sourceTree = "<group>"; };
		25146A801992388F001DC8E3 /* LMDatePickerView_iPhone.xib */ = {isa = PBXFileReference; fileEncoding = 4; lastKnownFileType = file.xib; path = LMDatePickerView_iPhone.xib; sourceTree = "<group>"; };
		25146A82199238B3001DC8E3 /* LMDatePickerView.h */ = {isa = PBXFileReference; fileEncoding = 4; lastKnownFileType = sourcecode.c.h; path = LMDatePickerView.h; sourceTree = "<group>"; };
		25146A83199238B3001DC8E3 /* LMDatePickerView.m */ = {isa = PBXFileReference; fileEncoding = 4; lastKnownFileType = sourcecode.c.objc; path = LMDatePickerView.m; sourceTree = "<group>"; };
		25146A8519924FC5001DC8E3 /* LMWebViewController.h */ = {isa = PBXFileReference; fileEncoding = 4; lastKnownFileType = sourcecode.c.h; path = LMWebViewController.h; sourceTree = "<group>"; };
		25146A8619924FC5001DC8E3 /* LMWebViewController.m */ = {isa = PBXFileReference; fileEncoding = 4; lastKnownFileType = sourcecode.c.objc; path = LMWebViewController.m; sourceTree = "<group>"; };
		25146A8819924FDA001DC8E3 /* LMWebViewController_iPhone.xib */ = {isa = PBXFileReference; fileEncoding = 4; lastKnownFileType = file.xib; path = LMWebViewController_iPhone.xib; sourceTree = "<group>"; };
		25146A8D199290D2001DC8E3 /* LMRotateViewController.h */ = {isa = PBXFileReference; fileEncoding = 4; lastKnownFileType = sourcecode.c.h; path = LMRotateViewController.h; sourceTree = "<group>"; };
		25146A8E199290D2001DC8E3 /* LMRotateViewController.m */ = {isa = PBXFileReference; fileEncoding = 4; lastKnownFileType = sourcecode.c.objc; path = LMRotateViewController.m; sourceTree = "<group>"; };
		252CB2D619901454002677B8 /* LMBranchReportViewController.h */ = {isa = PBXFileReference; fileEncoding = 4; lastKnownFileType = sourcecode.c.h; path = LMBranchReportViewController.h; sourceTree = "<group>"; };
		252CB2D719901454002677B8 /* LMBranchReportViewController.m */ = {isa = PBXFileReference; fileEncoding = 4; lastKnownFileType = sourcecode.c.objc; path = LMBranchReportViewController.m; sourceTree = "<group>"; };
		253F1F3D198E219400158407 /* tree.json */ = {isa = PBXFileReference; fileEncoding = 4; lastKnownFileType = text.json; path = tree.json; sourceTree = "<group>"; };
		253F1F3F198E276400158407 /* _LMAdvertiser.h */ = {isa = PBXFileReference; fileEncoding = 4; lastKnownFileType = sourcecode.c.h; path = _LMAdvertiser.h; sourceTree = "<group>"; };
		253F1F40198E276400158407 /* _LMAdvertiser.m */ = {isa = PBXFileReference; fileEncoding = 4; lastKnownFileType = sourcecode.c.objc; path = _LMAdvertiser.m; sourceTree = "<group>"; };
		253F1F41198E276400158407 /* _LMInstance.h */ = {isa = PBXFileReference; fileEncoding = 4; lastKnownFileType = sourcecode.c.h; path = _LMInstance.h; sourceTree = "<group>"; };
		253F1F42198E276400158407 /* _LMInstance.m */ = {isa = PBXFileReference; fileEncoding = 4; lastKnownFileType = sourcecode.c.objc; path = _LMInstance.m; sourceTree = "<group>"; };
		253F1F43198E276400158407 /* _LMReadOnlyObject.h */ = {isa = PBXFileReference; fileEncoding = 4; lastKnownFileType = sourcecode.c.h; path = _LMReadOnlyObject.h; sourceTree = "<group>"; };
		253F1F44198E276400158407 /* _LMReadOnlyObject.m */ = {isa = PBXFileReference; fileEncoding = 4; lastKnownFileType = sourcecode.c.objc; path = _LMReadOnlyObject.m; sourceTree = "<group>"; };
		253F1F45198E276400158407 /* LMAdvertiser.h */ = {isa = PBXFileReference; fileEncoding = 4; lastKnownFileType = sourcecode.c.h; path = LMAdvertiser.h; sourceTree = "<group>"; };
		253F1F46198E276400158407 /* LMAdvertiser.m */ = {isa = PBXFileReference; fileEncoding = 4; lastKnownFileType = sourcecode.c.objc; path = LMAdvertiser.m; sourceTree = "<group>"; };
		253F1F47198E276400158407 /* LMInstance.h */ = {isa = PBXFileReference; fileEncoding = 4; lastKnownFileType = sourcecode.c.h; path = LMInstance.h; sourceTree = "<group>"; };
		253F1F48198E276400158407 /* LMInstance.m */ = {isa = PBXFileReference; fileEncoding = 4; lastKnownFileType = sourcecode.c.objc; path = LMInstance.m; sourceTree = "<group>"; };
		253F1F49198E276400158407 /* LMReadOnlyObject.h */ = {isa = PBXFileReference; fileEncoding = 4; lastKnownFileType = sourcecode.c.h; path = LMReadOnlyObject.h; sourceTree = "<group>"; };
		253F1F4A198E276400158407 /* LMReadOnlyObject.m */ = {isa = PBXFileReference; fileEncoding = 4; lastKnownFileType = sourcecode.c.objc; path = LMReadOnlyObject.m; sourceTree = "<group>"; };
		253F1F51198E27BD00158407 /* _LMProgram.h */ = {isa = PBXFileReference; fileEncoding = 4; lastKnownFileType = sourcecode.c.h; path = _LMProgram.h; sourceTree = "<group>"; };
		253F1F52198E27BD00158407 /* _LMProgram.m */ = {isa = PBXFileReference; fileEncoding = 4; lastKnownFileType = sourcecode.c.objc; path = _LMProgram.m; sourceTree = "<group>"; };
		253F1F53198E27BD00158407 /* LMProgram.h */ = {isa = PBXFileReference; fileEncoding = 4; lastKnownFileType = sourcecode.c.h; path = LMProgram.h; sourceTree = "<group>"; };
		253F1F54198E27BD00158407 /* LMProgram.m */ = {isa = PBXFileReference; fileEncoding = 4; lastKnownFileType = sourcecode.c.objc; path = LMProgram.m; sourceTree = "<group>"; };
		253F1F58198E9DBB00158407 /* LMReportWS.h */ = {isa = PBXFileReference; fileEncoding = 4; lastKnownFileType = sourcecode.c.h; path = LMReportWS.h; sourceTree = "<group>"; };
		253F1F59198E9DBB00158407 /* LMReportWS.m */ = {isa = PBXFileReference; fileEncoding = 4; lastKnownFileType = sourcecode.c.objc; path = LMReportWS.m; sourceTree = "<group>"; };
		25FAFCA51990C41600FCD226 /* LMData.h */ = {isa = PBXFileReference; fileEncoding = 4; lastKnownFileType = sourcecode.c.h; path = LMData.h; sourceTree = "<group>"; };
		25FAFCA61990C41600FCD226 /* LMData.m */ = {isa = PBXFileReference; fileEncoding = 4; lastKnownFileType = sourcecode.c.objc; path = LMData.m; sourceTree = "<group>"; };
		25FAFCA81990D42900FCD226 /* LMTabBarViewController.h */ = {isa = PBXFileReference; fileEncoding = 4; lastKnownFileType = sourcecode.c.h; path = LMTabBarViewController.h; sourceTree = "<group>"; };
		25FAFCA91990D42900FCD226 /* LMTabBarViewController.m */ = {isa = PBXFileReference; fileEncoding = 4; lastKnownFileType = sourcecode.c.objc; path = LMTabBarViewController.m; sourceTree = "<group>"; };
		25FAFCAB1990D79300FCD226 /* LMReportMenuViewController.h */ = {isa = PBXFileReference; fileEncoding = 4; lastKnownFileType = sourcecode.c.h; path = LMReportMenuViewController.h; sourceTree = "<group>"; };
		25FAFCAC1990D79300FCD226 /* LMReportMenuViewController.m */ = {isa = PBXFileReference; fileEncoding = 4; lastKnownFileType = sourcecode.c.objc; path = LMReportMenuViewController.m; sourceTree = "<group>"; };
		25FAFCAE1990D7A000FCD226 /* LMAlertMenuViewController.h */ = {isa = PBXFileReference; fileEncoding = 4; lastKnownFileType = sourcecode.c.h; path = LMAlertMenuViewController.h; sourceTree = "<group>"; };
		25FAFCAF1990D7A000FCD226 /* LMAlertMenuViewController.m */ = {isa = PBXFileReference; fileEncoding = 4; lastKnownFileType = sourcecode.c.objc; path = LMAlertMenuViewController.m; sourceTree = "<group>"; };
		25FAFCB11990D7F200FCD226 /* LMMenuViewController_iPhone.xib */ = {isa = PBXFileReference; fileEncoding = 4; lastKnownFileType = file.xib; path = LMMenuViewController_iPhone.xib; sourceTree = "<group>"; };
		25FAFCB31990D81F00FCD226 /* LMMenuViewController.h */ = {isa = PBXFileReference; fileEncoding = 4; lastKnownFileType = sourcecode.c.h; path = LMMenuViewController.h; sourceTree = "<group>"; };
		25FAFCB41990D81F00FCD226 /* LMMenuViewController.m */ = {isa = PBXFileReference; fileEncoding = 4; lastKnownFileType = sourcecode.c.objc; path = LMMenuViewController.m; sourceTree = "<group>"; };
		25FAFCB61990DBFB00FCD226 /* LMMenuTableViewCell.h */ = {isa = PBXFileReference; fileEncoding = 4; lastKnownFileType = sourcecode.c.h; path = LMMenuTableViewCell.h; sourceTree = "<group>"; };
		25FAFCB71990DBFB00FCD226 /* LMMenuTableViewCell.m */ = {isa = PBXFileReference; fileEncoding = 4; lastKnownFileType = sourcecode.c.objc; path = LMMenuTableViewCell.m; sourceTree = "<group>"; };
		25FAFCB91990DC1B00FCD226 /* LMMenuTableViewCell_iPhone.xib */ = {isa = PBXFileReference; fileEncoding = 4; lastKnownFileType = file.xib; path = LMMenuTableViewCell_iPhone.xib; sourceTree = "<group>"; };
		25FAFCBB1990E1D300FCD226 /* _LMReadOnlyUserObject.h */ = {isa = PBXFileReference; fileEncoding = 4; lastKnownFileType = sourcecode.c.h; name = _LMReadOnlyUserObject.h; path = Genereted/_LMReadOnlyUserObject.h; sourceTree = "<group>"; };
		25FAFCBC1990E1D300FCD226 /* _LMReadOnlyUserObject.m */ = {isa = PBXFileReference; fileEncoding = 4; lastKnownFileType = sourcecode.c.objc; name = _LMReadOnlyUserObject.m; path = Genereted/_LMReadOnlyUserObject.m; sourceTree = "<group>"; };
		25FAFCBD1990E1D300FCD226 /* _LMUserAlert.h */ = {isa = PBXFileReference; fileEncoding = 4; lastKnownFileType = sourcecode.c.h; name = _LMUserAlert.h; path = Genereted/_LMUserAlert.h; sourceTree = "<group>"; };
		25FAFCBE1990E1D300FCD226 /* _LMUserAlert.m */ = {isa = PBXFileReference; fileEncoding = 4; lastKnownFileType = sourcecode.c.objc; name = _LMUserAlert.m; path = Genereted/_LMUserAlert.m; sourceTree = "<group>"; };
		25FAFCBF1990E1D300FCD226 /* _LMUserReport.h */ = {isa = PBXFileReference; fileEncoding = 4; lastKnownFileType = sourcecode.c.h; name = _LMUserReport.h; path = Genereted/_LMUserReport.h; sourceTree = "<group>"; };
		25FAFCC01990E1D300FCD226 /* _LMUserReport.m */ = {isa = PBXFileReference; fileEncoding = 4; lastKnownFileType = sourcecode.c.objc; name = _LMUserReport.m; path = Genereted/_LMUserReport.m; sourceTree = "<group>"; };
		25FAFCC11990E1D300FCD226 /* LMReadOnlyUserObject.h */ = {isa = PBXFileReference; fileEncoding = 4; lastKnownFileType = sourcecode.c.h; name = LMReadOnlyUserObject.h; path = Genereted/LMReadOnlyUserObject.h; sourceTree = "<group>"; };
		25FAFCC21990E1D300FCD226 /* LMReadOnlyUserObject.m */ = {isa = PBXFileReference; fileEncoding = 4; lastKnownFileType = sourcecode.c.objc; name = LMReadOnlyUserObject.m; path = Genereted/LMReadOnlyUserObject.m; sourceTree = "<group>"; };
		25FAFCC31990E1D300FCD226 /* LMUserAlert.h */ = {isa = PBXFileReference; fileEncoding = 4; lastKnownFileType = sourcecode.c.h; name = LMUserAlert.h; path = Genereted/LMUserAlert.h; sourceTree = "<group>"; };
		25FAFCC41990E1D300FCD226 /* LMUserAlert.m */ = {isa = PBXFileReference; fileEncoding = 4; lastKnownFileType = sourcecode.c.objc; name = LMUserAlert.m; path = Genereted/LMUserAlert.m; sourceTree = "<group>"; };
		25FAFCC51990E1D300FCD226 /* LMUserReport.h */ = {isa = PBXFileReference; fileEncoding = 4; lastKnownFileType = sourcecode.c.h; name = LMUserReport.h; path = Genereted/LMUserReport.h; sourceTree = "<group>"; };
		25FAFCC61990E1D300FCD226 /* LMUserReport.m */ = {isa = PBXFileReference; fileEncoding = 4; lastKnownFileType = sourcecode.c.objc; name = LMUserReport.m; path = Genereted/LMUserReport.m; sourceTree = "<group>"; };
		25FF5B44198F50B00043DA5D /* _LMReport.h */ = {isa = PBXFileReference; fileEncoding = 4; lastKnownFileType = sourcecode.c.h; path = _LMReport.h; sourceTree = "<group>"; };
		25FF5B45198F50B00043DA5D /* _LMReport.m */ = {isa = PBXFileReference; fileEncoding = 4; lastKnownFileType = sourcecode.c.objc; path = _LMReport.m; sourceTree = "<group>"; };
		25FF5B47198F50B70043DA5D /* LMReport.h */ = {isa = PBXFileReference; fileEncoding = 4; lastKnownFileType = sourcecode.c.h; path = LMReport.h; sourceTree = "<group>"; };
		25FF5B48198F50B70043DA5D /* LMReport.m */ = {isa = PBXFileReference; fileEncoding = 4; lastKnownFileType = sourcecode.c.objc; path = LMReport.m; sourceTree = "<group>"; };
		25FF5B4A198F5DBD0043DA5D /* Constans.h */ = {isa = PBXFileReference; lastKnownFileType = sourcecode.c.h; path = Constans.h; sourceTree = "<group>"; };
		25FF5B4B198F68CB0043DA5D /* LMHeaderView.h */ = {isa = PBXFileReference; fileEncoding = 4; lastKnownFileType = sourcecode.c.h; path = LMHeaderView.h; sourceTree = "<group>"; };
		25FF5B4C198F68CB0043DA5D /* LMHeaderView.m */ = {isa = PBXFileReference; fileEncoding = 4; lastKnownFileType = sourcecode.c.objc; path = LMHeaderView.m; sourceTree = "<group>"; };
		25FF5B4F198F68FA0043DA5D /* LMHeaderView_iPhone.xib */ = {isa = PBXFileReference; fileEncoding = 4; lastKnownFileType = file.xib; path = LMHeaderView_iPhone.xib; sourceTree = "<group>"; };
		7E43CB3D41384074996BB063 /* Pods.xcconfig */ = {isa = PBXFileReference; includeInIndex = 1; lastKnownFileType = text.xcconfig; name = Pods.xcconfig; path = Pods/Pods.xcconfig; sourceTree = "<group>"; };
		8E3CEF0A0FE04D0FAC9F6EC3 /* libPods.a */ = {isa = PBXFileReference; explicitFileType = archive.ar; includeInIndex = 0; path = libPods.a; sourceTree = BUILT_PRODUCTS_DIR; };
		EDD131A9198117B1006F39E3 /* Storyboard.storyboard */ = {isa = PBXFileReference; fileEncoding = 4; lastKnownFileType = file.storyboard; path = Storyboard.storyboard; sourceTree = "<group>"; };
		EDD131AD198120FA006F39E3 /* LMLoginViewController_iPhone.xib */ = {isa = PBXFileReference; fileEncoding = 4; lastKnownFileType = file.xib; path = LMLoginViewController_iPhone.xib; sourceTree = "<group>"; };
		EDD131AF19812526006F39E3 /* LM.framework */ = {isa = PBXFileReference; lastKnownFileType = wrapper.framework; path = LM.framework; sourceTree = "<group>"; };
		EDD131B11981272C006F39E3 /* LMTextField.h */ = {isa = PBXFileReference; fileEncoding = 4; lastKnownFileType = sourcecode.c.h; path = LMTextField.h; sourceTree = "<group>"; };
		EDD131B21981272C006F39E3 /* LMTextField.m */ = {isa = PBXFileReference; fileEncoding = 4; lastKnownFileType = sourcecode.c.objc; path = LMTextField.m; sourceTree = "<group>"; };
		EDD131B419812ECF006F39E3 /* LMBranchViewController.h */ = {isa = PBXFileReference; fileEncoding = 4; lastKnownFileType = sourcecode.c.h; path = LMBranchViewController.h; sourceTree = "<group>"; };
		EDD131B519812ECF006F39E3 /* LMBranchViewController.m */ = {isa = PBXFileReference; fileEncoding = 4; lastKnownFileType = sourcecode.c.objc; path = LMBranchViewController.m; sourceTree = "<group>"; };
		EDD131B719812EFD006F39E3 /* LMBranchInstanceViewController.h */ = {isa = PBXFileReference; fileEncoding = 4; lastKnownFileType = sourcecode.c.h; path = LMBranchInstanceViewController.h; sourceTree = "<group>"; };
		EDD131B819812EFD006F39E3 /* LMBranchInstanceViewController.m */ = {isa = PBXFileReference; fileEncoding = 4; lastKnownFileType = sourcecode.c.objc; path = LMBranchInstanceViewController.m; sourceTree = "<group>"; };
		EDD131BA19812F1E006F39E3 /* LMBranchAdvertiserViewController.h */ = {isa = PBXFileReference; fileEncoding = 4; lastKnownFileType = sourcecode.c.h; path = LMBranchAdvertiserViewController.h; sourceTree = "<group>"; };
		EDD131BB19812F1E006F39E3 /* LMBranchAdvertiserViewController.m */ = {isa = PBXFileReference; fileEncoding = 4; lastKnownFileType = sourcecode.c.objc; path = LMBranchAdvertiserViewController.m; sourceTree = "<group>"; };
		EDD131BD19812F2E006F39E3 /* LMBranchProgramViewController.h */ = {isa = PBXFileReference; fileEncoding = 4; lastKnownFileType = sourcecode.c.h; path = LMBranchProgramViewController.h; sourceTree = "<group>"; };
		EDD131BE19812F2E006F39E3 /* LMBranchProgramViewController.m */ = {isa = PBXFileReference; fileEncoding = 4; lastKnownFileType = sourcecode.c.objc; path = LMBranchProgramViewController.m; sourceTree = "<group>"; };
		EDD131C019812F48006F39E3 /* LMBranchViewController_iPhone.xib */ = {isa = PBXFileReference; fileEncoding = 4; lastKnownFileType = file.xib; path = LMBranchViewController_iPhone.xib; sourceTree = "<group>"; };
		EDD131C61981316A006F39E3 /* LMButton.h */ = {isa = PBXFileReference; fileEncoding = 4; lastKnownFileType = sourcecode.c.h; path = LMButton.h; sourceTree = "<group>"; };
		EDD131C71981316A006F39E3 /* LMButton.m */ = {isa = PBXFileReference; fileEncoding = 4; lastKnownFileType = sourcecode.c.objc; path = LMButton.m; sourceTree = "<group>"; };
		EDE87BFF19867C7E00043861 /* LMSettingsViewController.h */ = {isa = PBXFileReference; fileEncoding = 4; lastKnownFileType = sourcecode.c.h; path = LMSettingsViewController.h; sourceTree = "<group>"; };
		EDE87C0019867C7E00043861 /* LMSettingsViewController.m */ = {isa = PBXFileReference; fileEncoding = 4; lastKnownFileType = sourcecode.c.objc; path = LMSettingsViewController.m; sourceTree = "<group>"; };
		EDE87C0219867C8F00043861 /* LMSettingsViewController_iPhone.xib */ = {isa = PBXFileReference; fileEncoding = 4; lastKnownFileType = file.xib; path = LMSettingsViewController_iPhone.xib; sourceTree = "<group>"; };
		EDE87C0419867E9100043861 /* LMUtils.h */ = {isa = PBXFileReference; fileEncoding = 4; lastKnownFileType = sourcecode.c.h; path = LMUtils.h; sourceTree = "<group>"; };
		EDE87C0519867E9100043861 /* LMUtils.m */ = {isa = PBXFileReference; fileEncoding = 4; lastKnownFileType = sourcecode.c.objc; path = LMUtils.m; sourceTree = "<group>"; };
		EDF39DF81980FC8700E00966 /* OWNTT.app */ = {isa = PBXFileReference; explicitFileType = wrapper.application; includeInIndex = 0; path = OWNTT.app; sourceTree = BUILT_PRODUCTS_DIR; };
		EDF39DFB1980FC8700E00966 /* Foundation.framework */ = {isa = PBXFileReference; lastKnownFileType = wrapper.framework; name = Foundation.framework; path = System/Library/Frameworks/Foundation.framework; sourceTree = SDKROOT; };
		EDF39DFD1980FC8700E00966 /* CoreGraphics.framework */ = {isa = PBXFileReference; lastKnownFileType = wrapper.framework; name = CoreGraphics.framework; path = System/Library/Frameworks/CoreGraphics.framework; sourceTree = SDKROOT; };
		EDF39DFF1980FC8700E00966 /* UIKit.framework */ = {isa = PBXFileReference; lastKnownFileType = wrapper.framework; name = UIKit.framework; path = System/Library/Frameworks/UIKit.framework; sourceTree = SDKROOT; };
		EDF39E011980FC8700E00966 /* CoreData.framework */ = {isa = PBXFileReference; lastKnownFileType = wrapper.framework; name = CoreData.framework; path = System/Library/Frameworks/CoreData.framework; sourceTree = SDKROOT; };
		EDF39E211980FC8700E00966 /* OWNTTTests.xctest */ = {isa = PBXFileReference; explicitFileType = wrapper.cfbundle; includeInIndex = 0; path = OWNTTTests.xctest; sourceTree = BUILT_PRODUCTS_DIR; };
		EDF39E221980FC8700E00966 /* XCTest.framework */ = {isa = PBXFileReference; lastKnownFileType = wrapper.framework; name = XCTest.framework; path = Library/Frameworks/XCTest.framework; sourceTree = DEVELOPER_DIR; };
		EDF39E2B1980FC8700E00966 /* OWNTTTests-Info.plist */ = {isa = PBXFileReference; lastKnownFileType = text.plist.xml; path = "OWNTTTests-Info.plist"; sourceTree = "<group>"; };
		EDF39E2D1980FC8700E00966 /* en */ = {isa = PBXFileReference; lastKnownFileType = text.plist.strings; name = en; path = en.lproj/InfoPlist.strings; sourceTree = "<group>"; };
		EDF39E2F1980FC8700E00966 /* OWNTTTests.m */ = {isa = PBXFileReference; lastKnownFileType = sourcecode.c.objc; path = OWNTTTests.m; sourceTree = "<group>"; };
		EDF39E3E1980FF7D00E00966 /* en */ = {isa = PBXFileReference; lastKnownFileType = text.plist.strings; name = en; path = en.lproj/InfoPlist.strings; sourceTree = "<group>"; };
		EDF39E3F1980FF7D00E00966 /* Images.xcassets */ = {isa = PBXFileReference; lastKnownFileType = folder.assetcatalog; path = Images.xcassets; sourceTree = "<group>"; };
		EDF39E401980FF7D00E00966 /* OWNTT-Info.plist */ = {isa = PBXFileReference; fileEncoding = 4; lastKnownFileType = text.plist.xml; path = "OWNTT-Info.plist"; sourceTree = "<group>"; };
		EDF39E411980FF7D00E00966 /* OWNTT-Prefix.pch */ = {isa = PBXFileReference; fileEncoding = 4; lastKnownFileType = sourcecode.c.h; path = "OWNTT-Prefix.pch"; sourceTree = "<group>"; };
		EDF39E461980FF7D00E00966 /* OWNTT.xcdatamodel */ = {isa = PBXFileReference; lastKnownFileType = wrapper.xcdatamodel; path = OWNTT.xcdatamodel; sourceTree = "<group>"; };
		EDF39E491980FF7D00E00966 /* main.m */ = {isa = PBXFileReference; fileEncoding = 4; lastKnownFileType = sourcecode.c.objc; path = main.m; sourceTree = "<group>"; };
		EDF39E4A1980FF7D00E00966 /* LMAppDelegate.h */ = {isa = PBXFileReference; fileEncoding = 4; lastKnownFileType = sourcecode.c.h; path = LMAppDelegate.h; sourceTree = "<group>"; };
		EDF39E4B1980FF7D00E00966 /* LMAppDelegate.m */ = {isa = PBXFileReference; fileEncoding = 4; lastKnownFileType = sourcecode.c.objc; path = LMAppDelegate.m; sourceTree = "<group>"; };
		EDF39E59198101D500E00966 /* LMNavigationViewController.h */ = {isa = PBXFileReference; fileEncoding = 4; lastKnownFileType = sourcecode.c.h; path = LMNavigationViewController.h; sourceTree = "<group>"; };
		EDF39E5A198101D500E00966 /* LMNavigationViewController.m */ = {isa = PBXFileReference; fileEncoding = 4; lastKnownFileType = sourcecode.c.objc; path = LMNavigationViewController.m; sourceTree = "<group>"; };
		EDF39E61198103B700E00966 /* mogen.sh */ = {isa = PBXFileReference; fileEncoding = 4; lastKnownFileType = text.script.sh; path = mogen.sh; sourceTree = "<group>"; };
		EDF39E62198103B700E00966 /* mogend.sh */ = {isa = PBXFileReference; fileEncoding = 4; lastKnownFileType = text.script.sh; path = mogend.sh; sourceTree = "<group>"; };
		EDF39E66198104D700E00966 /* LMLoginViewController.h */ = {isa = PBXFileReference; fileEncoding = 4; lastKnownFileType = sourcecode.c.h; path = LMLoginViewController.h; sourceTree = "<group>"; };
		EDF39E67198104D700E00966 /* LMLoginViewController.m */ = {isa = PBXFileReference; fileEncoding = 4; lastKnownFileType = sourcecode.c.objc; path = LMLoginViewController.m; sourceTree = "<group>"; };
		EDF39E691981059C00E00966 /* LMSplashViewController.h */ = {isa = PBXFileReference; fileEncoding = 4; lastKnownFileType = sourcecode.c.h; path = LMSplashViewController.h; sourceTree = "<group>"; };
		EDF39E6A1981059C00E00966 /* LMSplashViewController.m */ = {isa = PBXFileReference; fileEncoding = 4; lastKnownFileType = sourcecode.c.objc; path = LMSplashViewController.m; sourceTree = "<group>"; };
		EDF39E6C1981060200E00966 /* LMSegueKeys.h */ = {isa = PBXFileReference; fileEncoding = 4; lastKnownFileType = sourcecode.c.h; path = LMSegueKeys.h; sourceTree = "<group>"; };
		EDF39E6D1981060200E00966 /* LMSegueKeys.m */ = {isa = PBXFileReference; fileEncoding = 4; lastKnownFileType = sourcecode.c.objc; path = LMSegueKeys.m; sourceTree = "<group>"; };
		EDF39E6F198106B700E00966 /* Macros.h */ = {isa = PBXFileReference; lastKnownFileType = sourcecode.c.h; path = Macros.h; sourceTree = "<group>"; };
		EDF39E70198109B500E00966 /* Design.h */ = {isa = PBXFileReference; lastKnownFileType = sourcecode.c.h; path = Design.h; sourceTree = "<group>"; };
		EDF39E7119810AE700E00966 /* LMHostChildBaseViewController.h */ = {isa = PBXFileReference; fileEncoding = 4; lastKnownFileType = sourcecode.c.h; path = LMHostChildBaseViewController.h; sourceTree = "<group>"; };
		EDF39E7219810AE700E00966 /* LMHostChildBaseViewController.m */ = {isa = PBXFileReference; fileEncoding = 4; lastKnownFileType = sourcecode.c.objc; path = LMHostChildBaseViewController.m; sourceTree = "<group>"; };
		EDF39E7419810C6100E00966 /* LMSplashViewController_iPhone.xib */ = {isa = PBXFileReference; fileEncoding = 4; lastKnownFileType = file.xib; path = LMSplashViewController_iPhone.xib; sourceTree = "<group>"; };
/* End PBXFileReference section */

/* Begin PBXFrameworksBuildPhase section */
		EDF39DF51980FC8700E00966 /* Frameworks */ = {
			isa = PBXFrameworksBuildPhase;
			buildActionMask = 2147483647;
			files = (
				EDF39DFE1980FC8700E00966 /* CoreGraphics.framework in Frameworks */,
				EDD131B019812526006F39E3 /* LM.framework in Frameworks */,
				EDF39E021980FC8700E00966 /* CoreData.framework in Frameworks */,
				EDF39E001980FC8700E00966 /* UIKit.framework in Frameworks */,
				EDF39DFC1980FC8700E00966 /* Foundation.framework in Frameworks */,
				C9F3FCFC4078458C841A60FD /* libPods.a in Frameworks */,
			);
			runOnlyForDeploymentPostprocessing = 0;
		};
		EDF39E1E1980FC8700E00966 /* Frameworks */ = {
			isa = PBXFrameworksBuildPhase;
			buildActionMask = 2147483647;
			files = (
				EDF39E231980FC8700E00966 /* XCTest.framework in Frameworks */,
				EDF39E261980FC8700E00966 /* CoreData.framework in Frameworks */,
				EDF39E251980FC8700E00966 /* UIKit.framework in Frameworks */,
				EDF39E241980FC8700E00966 /* Foundation.framework in Frameworks */,
			);
			runOnlyForDeploymentPostprocessing = 0;
		};
/* End PBXFrameworksBuildPhase section */

/* Begin PBXGroup section */
		25036AA1198D294600EAE355 /* TabBar */ = {
			isa = PBXGroup;
			children = (
				25036AA2198D294600EAE355 /* tabbar1.png */,
				25036AA3198D294600EAE355 /* tabbar1@2x.png */,
				25036AA4198D294600EAE355 /* tabbar2.png */,
				25036AA5198D294600EAE355 /* tabbar2@2x.png */,
				25036AA6198D294600EAE355 /* tabbar3.png */,
				25036AA7198D294600EAE355 /* tabbar3@2x.png */,
				25036AA8198D294600EAE355 /* tabbar4.png */,
				25036AA9198D294600EAE355 /* tabbar4@2x.png */,
			);
			path = TabBar;
			sourceTree = "<group>";
		};
		25036ABC198D2CCE00EAE355 /* Categories */ = {
			isa = PBXGroup;
			children = (
				25036ABD198D2CCE00EAE355 /* NSManagedObject+Fetch.h */,
				25036ABE198D2CCE00EAE355 /* NSManagedObject+Fetch.m */,
				25036ABF198D2CCE00EAE355 /* NSManagedObjectContext+FetchedObjectFromURI.h */,
				25036AC0198D2CCE00EAE355 /* NSManagedObjectContext+FetchedObjectFromURI.m */,
				25036AC1198D2CCE00EAE355 /* UIImage+Additions.h */,
				25036AC2198D2CCE00EAE355 /* UIImage+Additions.m */,
			);
			path = Categories;
			sourceTree = "<group>";
		};
		25036AC9198D2D7100EAE355 /* Genereted */ = {
			isa = PBXGroup;
			children = (
				25FF5B47198F50B70043DA5D /* LMReport.h */,
				25FF5B48198F50B70043DA5D /* LMReport.m */,
				25FF5B44198F50B00043DA5D /* _LMReport.h */,
				25FF5B45198F50B00043DA5D /* _LMReport.m */,
				253F1F51198E27BD00158407 /* _LMProgram.h */,
				253F1F52198E27BD00158407 /* _LMProgram.m */,
				253F1F53198E27BD00158407 /* LMProgram.h */,
				253F1F54198E27BD00158407 /* LMProgram.m */,
				253F1F3F198E276400158407 /* _LMAdvertiser.h */,
				253F1F40198E276400158407 /* _LMAdvertiser.m */,
				253F1F41198E276400158407 /* _LMInstance.h */,
				253F1F42198E276400158407 /* _LMInstance.m */,
				253F1F43198E276400158407 /* _LMReadOnlyObject.h */,
				253F1F44198E276400158407 /* _LMReadOnlyObject.m */,
				253F1F45198E276400158407 /* LMAdvertiser.h */,
				253F1F46198E276400158407 /* LMAdvertiser.m */,
				253F1F47198E276400158407 /* LMInstance.h */,
				253F1F48198E276400158407 /* LMInstance.m */,
				253F1F49198E276400158407 /* LMReadOnlyObject.h */,
				253F1F4A198E276400158407 /* LMReadOnlyObject.m */,
				25036AD0198D2E6900EAE355 /* _LMUser.h */,
				25036AD1198D2E6900EAE355 /* _LMUser.m */,
				25036AD2198D2E6900EAE355 /* LMUser.h */,
				25036AD3198D2E6900EAE355 /* LMUser.m */,
			);
			path = Genereted;
			sourceTree = "<group>";
		};
		25036AE2198D53E200EAE355 /* Segue */ = {
			isa = PBXGroup;
			children = (
			);
			path = Segue;
			sourceTree = "<group>";
		};
		25036AE6198D5EC900EAE355 /* Cells */ = {
			isa = PBXGroup;
			children = (
				25036AE7198D5EE300EAE355 /* LMBranchTableViewCell.h */,
				25036AE8198D5EE300EAE355 /* LMBranchTableViewCell.m */,
				25FAFCB61990DBFB00FCD226 /* LMMenuTableViewCell.h */,
				25FAFCB71990DBFB00FCD226 /* LMMenuTableViewCell.m */,
			);
			path = Cells;
			sourceTree = "<group>";
		};
		253F1F57198E9D6400158407 /* Model */ = {
			isa = PBXGroup;
			children = (
				253F1F58198E9DBB00158407 /* LMReportWS.h */,
				253F1F59198E9DBB00158407 /* LMReportWS.m */,
				25FAFCA51990C41600FCD226 /* LMData.h */,
				25FAFCA61990C41600FCD226 /* LMData.m */,
			);
			path = Model;
			sourceTree = "<group>";
		};
		25462AC71981BA590007482F /* ModelClasses */ = {
			isa = PBXGroup;
			children = (
				25FAFCBB1990E1D300FCD226 /* _LMReadOnlyUserObject.h */,
				25FAFCBC1990E1D300FCD226 /* _LMReadOnlyUserObject.m */,
				25FAFCBD1990E1D300FCD226 /* _LMUserAlert.h */,
				25FAFCBE1990E1D300FCD226 /* _LMUserAlert.m */,
				25FAFCBF1990E1D300FCD226 /* _LMUserReport.h */,
				25FAFCC01990E1D300FCD226 /* _LMUserReport.m */,
				25FAFCC11990E1D300FCD226 /* LMReadOnlyUserObject.h */,
				25FAFCC21990E1D300FCD226 /* LMReadOnlyUserObject.m */,
				25FAFCC31990E1D300FCD226 /* LMUserAlert.h */,
				25FAFCC41990E1D300FCD226 /* LMUserAlert.m */,
				25FAFCC51990E1D300FCD226 /* LMUserReport.h */,
				25FAFCC61990E1D300FCD226 /* LMUserReport.m */,
				25036AC9198D2D7100EAE355 /* Genereted */,
				25036AC6198D2CDA00EAE355 /* ManagedObject.h */,
				25036AC7198D2CDA00EAE355 /* ManagedObject.m */,
			);
			path = ModelClasses;
			sourceTree = "<group>";
		};
		25FF5B4E198F68DE0043DA5D /* Views */ = {
			isa = PBXGroup;
			children = (
				25FF5B4F198F68FA0043DA5D /* LMHeaderView_iPhone.xib */,
				250F89B919915B0000D91836 /* LMDataPickerView_iPhone.xib */,
				25146A801992388F001DC8E3 /* LMDatePickerView_iPhone.xib */,
			);
			name = Views;
			sourceTree = "<group>";
		};
		EDF39DEF1980FC8700E00966 = {
			isa = PBXGroup;
			children = (
				EDF39E031980FC8700E00966 /* OWNTT */,
				EDF39E291980FC8700E00966 /* OWNTTTests */,
				EDF39DFA1980FC8700E00966 /* Frameworks */,
				EDF39DF91980FC8700E00966 /* Products */,
				7E43CB3D41384074996BB063 /* Pods.xcconfig */,
			);
			sourceTree = "<group>";
		};
		EDF39DF91980FC8700E00966 /* Products */ = {
			isa = PBXGroup;
			children = (
				EDF39DF81980FC8700E00966 /* OWNTT.app */,
				EDF39E211980FC8700E00966 /* OWNTTTests.xctest */,
			);
			name = Products;
			sourceTree = "<group>";
		};
		EDF39DFA1980FC8700E00966 /* Frameworks */ = {
			isa = PBXGroup;
			children = (
				EDF39DFB1980FC8700E00966 /* Foundation.framework */,
				EDF39DFD1980FC8700E00966 /* CoreGraphics.framework */,
				EDF39DFF1980FC8700E00966 /* UIKit.framework */,
				EDF39E011980FC8700E00966 /* CoreData.framework */,
				EDF39E221980FC8700E00966 /* XCTest.framework */,
				8E3CEF0A0FE04D0FAC9F6EC3 /* libPods.a */,
			);
			name = Frameworks;
			sourceTree = "<group>";
		};
		EDF39E031980FC8700E00966 /* OWNTT */ = {
			isa = PBXGroup;
			children = (
				FB2548E819811BF300894CEF /* 3rdParty */,
				EDF39E60198103B700E00966 /* Scripts */,
				EDF39E391980FF7D00E00966 /* Resources */,
				EDF39E471980FF7D00E00966 /* Sources */,
			);
			path = OWNTT;
			sourceTree = "<group>";
		};
		EDF39E291980FC8700E00966 /* OWNTTTests */ = {
			isa = PBXGroup;
			children = (
				EDF39E2F1980FC8700E00966 /* OWNTTTests.m */,
				EDF39E2A1980FC8700E00966 /* Supporting Files */,
			);
			path = OWNTTTests;
			sourceTree = "<group>";
		};
		EDF39E2A1980FC8700E00966 /* Supporting Files */ = {
			isa = PBXGroup;
			children = (
				EDF39E2B1980FC8700E00966 /* OWNTTTests-Info.plist */,
				EDF39E2C1980FC8700E00966 /* InfoPlist.strings */,
			);
			name = "Supporting Files";
			sourceTree = "<group>";
		};
		EDF39E391980FF7D00E00966 /* Resources */ = {
			isa = PBXGroup;
			children = (
				EDF39E3A1980FF7D00E00966 /* Configuration */,
				EDF39E421980FF7D00E00966 /* Design */,
				EDF39E431980FF7D00E00966 /* Graphics */,
				EDF39E441980FF7D00E00966 /* Model */,
			);
			path = Resources;
			sourceTree = "<group>";
		};
		EDF39E3A1980FF7D00E00966 /* Configuration */ = {
			isa = PBXGroup;
			children = (
				EDF39E3F1980FF7D00E00966 /* Images.xcassets */,
				EDF39E3D1980FF7D00E00966 /* InfoPlist.strings */,
				EDF39E401980FF7D00E00966 /* OWNTT-Info.plist */,
				EDF39E411980FF7D00E00966 /* OWNTT-Prefix.pch */,
				EDD131A9198117B1006F39E3 /* Storyboard.storyboard */,
				25036ADC198D4D1300EAE355 /* settings.plist */,
				253F1F3D198E219400158407 /* tree.json */,
				250F89AA1991566900D91836 /* pickListData.json */,
			);
			path = Configuration;
			sourceTree = "<group>";
		};
		EDF39E421980FF7D00E00966 /* Design */ = {
			isa = PBXGroup;
			children = (
				25FF5B4E198F68DE0043DA5D /* Views */,
				EDF39E7419810C6100E00966 /* LMSplashViewController_iPhone.xib */,
				EDD131AD198120FA006F39E3 /* LMLoginViewController_iPhone.xib */,
				EDD131C019812F48006F39E3 /* LMBranchViewController_iPhone.xib */,
				EDE87C0219867C8F00043861 /* LMSettingsViewController_iPhone.xib */,
				250FD8201986DC320047EB42 /* LMSummaryReportViewController_iPhone.xib */,
				25036AEA198D5F0700EAE355 /* LMBranchTableViewCell_iPhone.xib */,
				25FAFCB11990D7F200FCD226 /* LMMenuViewController_iPhone.xib */,
				25FAFCB91990DC1B00FCD226 /* LMMenuTableViewCell_iPhone.xib */,
				250F89C419920B6E00D91836 /* LMAlertSummaryViewController_iPhone.xib */,
				25146A8819924FDA001DC8E3 /* LMWebViewController_iPhone.xib */,
			);
			path = Design;
			sourceTree = "<group>";
		};
		EDF39E431980FF7D00E00966 /* Graphics */ = {
			isa = PBXGroup;
			children = (
				25036AE0198D521F00EAE355 /* logoSplash.png */,
				25036ADE198D51A500EAE355 /* logo.png */,
				25036AA1198D294600EAE355 /* TabBar */,
			);
			path = Graphics;
			sourceTree = "<group>";
		};
		EDF39E441980FF7D00E00966 /* Model */ = {
			isa = PBXGroup;
			children = (
				25462AC71981BA590007482F /* ModelClasses */,
				EDF39E451980FF7D00E00966 /* OWNTT.xcdatamodeld */,
			);
			path = Model;
			sourceTree = "<group>";
		};
		EDF39E471980FF7D00E00966 /* Sources */ = {
			isa = PBXGroup;
			children = (
				253F1F57198E9D6400158407 /* Model */,
				25036AE6198D5EC900EAE355 /* Cells */,
				25036AE2198D53E200EAE355 /* Segue */,
				25036ABC198D2CCE00EAE355 /* Categories */,
				EDF39E65198103C000E00966 /* Utils */,
				EDF39E481980FF7D00E00966 /* main */,
				EDF39E4D1980FF7D00E00966 /* ViewControllers */,
				EDF39E4E1980FF7D00E00966 /* Views */,
			);
			path = Sources;
			sourceTree = "<group>";
		};
		EDF39E481980FF7D00E00966 /* main */ = {
			isa = PBXGroup;
			children = (
				EDF39E491980FF7D00E00966 /* main.m */,
				EDF39E4A1980FF7D00E00966 /* LMAppDelegate.h */,
				EDF39E4B1980FF7D00E00966 /* LMAppDelegate.m */,
			);
			path = main;
			sourceTree = "<group>";
		};
		EDF39E4D1980FF7D00E00966 /* ViewControllers */ = {
			isa = PBXGroup;
			children = (
				25FAFCAE1990D7A000FCD226 /* LMAlertMenuViewController.h */,
				25FAFCAF1990D7A000FCD226 /* LMAlertMenuViewController.m */,
				250F89C119920B4A00D91836 /* LMAlertSummaryViewController.h */,
				250F89C219920B4A00D91836 /* LMAlertSummaryViewController.m */,
				EDD131BA19812F1E006F39E3 /* LMBranchAdvertiserViewController.h */,
				EDD131BB19812F1E006F39E3 /* LMBranchAdvertiserViewController.m */,
				EDD131B719812EFD006F39E3 /* LMBranchInstanceViewController.h */,
				EDD131B819812EFD006F39E3 /* LMBranchInstanceViewController.m */,
				EDD131BD19812F2E006F39E3 /* LMBranchProgramViewController.h */,
				EDD131BE19812F2E006F39E3 /* LMBranchProgramViewController.m */,
				252CB2D619901454002677B8 /* LMBranchReportViewController.h */,
				252CB2D719901454002677B8 /* LMBranchReportViewController.m */,
				EDD131B419812ECF006F39E3 /* LMBranchViewController.h */,
				EDD131B519812ECF006F39E3 /* LMBranchViewController.m */,
				250F89BE1991FBDF00D91836 /* LMDataPickerViewController.h */,
				250F89BF1991FBDF00D91836 /* LMDataPickerViewController.m */,
				250F89C919921D5F00D91836 /* LMDatePickerViewController.h */,
				250F89CA19921D5F00D91836 /* LMDatePickerViewController.m */,
				EDF39E7119810AE700E00966 /* LMHostChildBaseViewController.h */,
				EDF39E7219810AE700E00966 /* LMHostChildBaseViewController.m */,
				EDF39E66198104D700E00966 /* LMLoginViewController.h */,
				EDF39E67198104D700E00966 /* LMLoginViewController.m */,
				25FAFCB31990D81F00FCD226 /* LMMenuViewController.h */,
				25FAFCB41990D81F00FCD226 /* LMMenuViewController.m */,
				EDF39E59198101D500E00966 /* LMNavigationViewController.h */,
				EDF39E5A198101D500E00966 /* LMNavigationViewController.m */,
				25FAFCAB1990D79300FCD226 /* LMReportMenuViewController.h */,
				25FAFCAC1990D79300FCD226 /* LMReportMenuViewController.m */,
				EDE87BFF19867C7E00043861 /* LMSettingsViewController.h */,
				EDE87C0019867C7E00043861 /* LMSettingsViewController.m */,
				EDF39E691981059C00E00966 /* LMSplashViewController.h */,
				EDF39E6A1981059C00E00966 /* LMSplashViewController.m */,
				250F89C619920C0B00D91836 /* LMSummaryBaseViewController.h */,
				250F89C719920C0B00D91836 /* LMSummaryBaseViewController.m */,
				250FD81D1986DC1C0047EB42 /* LMSummaryReportViewController.h */,
				250FD81E1986DC1C0047EB42 /* LMSummaryReportViewController.m */,
				25FAFCA81990D42900FCD226 /* LMTabBarViewController.h */,
				25FAFCA91990D42900FCD226 /* LMTabBarViewController.m */,
				25146A8519924FC5001DC8E3 /* LMWebViewController.h */,
				25146A8619924FC5001DC8E3 /* LMWebViewController.m */,
				25146A8D199290D2001DC8E3 /* LMRotateViewController.h */,
				25146A8E199290D2001DC8E3 /* LMRotateViewController.m */,
			);
			path = ViewControllers;
			sourceTree = "<group>";
		};
		EDF39E4E1980FF7D00E00966 /* Views */ = {
			isa = PBXGroup;
			children = (
				EDD131B11981272C006F39E3 /* LMTextField.h */,
				EDD131B21981272C006F39E3 /* LMTextField.m */,
				EDD131C61981316A006F39E3 /* LMButton.h */,
				EDD131C71981316A006F39E3 /* LMButton.m */,
				25FF5B4B198F68CB0043DA5D /* LMHeaderView.h */,
				25FF5B4C198F68CB0043DA5D /* LMHeaderView.m */,
				250F89BB19915C1B00D91836 /* LMDataPickerView.h */,
				250F89BC19915C1B00D91836 /* LMDataPickerView.m */,
				25146A82199238B3001DC8E3 /* LMDatePickerView.h */,
				25146A83199238B3001DC8E3 /* LMDatePickerView.m */,
			);
			path = Views;
			sourceTree = "<group>";
		};
		EDF39E60198103B700E00966 /* Scripts */ = {
			isa = PBXGroup;
			children = (
				EDF39E61198103B700E00966 /* mogen.sh */,
				EDF39E62198103B700E00966 /* mogend.sh */,
			);
			path = Scripts;
			sourceTree = "<group>";
		};
		EDF39E65198103C000E00966 /* Utils */ = {
			isa = PBXGroup;
			children = (
				EDF39E6C1981060200E00966 /* LMSegueKeys.h */,
				EDF39E6D1981060200E00966 /* LMSegueKeys.m */,
				EDF39E6F198106B700E00966 /* Macros.h */,
				EDF39E70198109B500E00966 /* Design.h */,
				EDE87C0419867E9100043861 /* LMUtils.h */,
				EDE87C0519867E9100043861 /* LMUtils.m */,
				25036AD9198D466600EAE355 /* LMAppUtils.h */,
				25036ADA198D466600EAE355 /* LMAppUtils.m */,
				25FF5B4A198F5DBD0043DA5D /* Constans.h */,
				250F89AC1991577500D91836 /* LMReferenceData.h */,
				250F89AD1991577500D91836 /* LMReferenceData.m */,
			);
			path = Utils;
			sourceTree = "<group>";
		};
		FB2548E819811BF300894CEF /* 3rdParty */ = {
			isa = PBXGroup;
			children = (
				EDD131AF19812526006F39E3 /* LM.framework */,
			);
			path = 3rdParty;
			sourceTree = "<group>";
		};
/* End PBXGroup section */

/* Begin PBXNativeTarget section */
		EDF39DF71980FC8700E00966 /* OWNTT */ = {
			isa = PBXNativeTarget;
			buildConfigurationList = EDF39E331980FC8700E00966 /* Build configuration list for PBXNativeTarget "OWNTT" */;
			buildPhases = (
				68B1EAD3113140629FB2C5D4 /* Check Pods Manifest.lock */,
				EDF39DF41980FC8700E00966 /* Sources */,
				EDF39DF51980FC8700E00966 /* Frameworks */,
				EDF39DF61980FC8700E00966 /* Resources */,
				FA8FA3E9088E4F4D857CAE3D /* Copy Pods Resources */,
			);
			buildRules = (
				25462AC61981B7D40007482F /* PBXBuildRule */,
				25462AC41981B70B0007482F /* PBXBuildRule */,
			);
			dependencies = (
			);
			name = OWNTT;
			productName = OWNTT;
			productReference = EDF39DF81980FC8700E00966 /* OWNTT.app */;
			productType = "com.apple.product-type.application";
		};
		EDF39E201980FC8700E00966 /* OWNTTTests */ = {
			isa = PBXNativeTarget;
			buildConfigurationList = EDF39E361980FC8700E00966 /* Build configuration list for PBXNativeTarget "OWNTTTests" */;
			buildPhases = (
				EDF39E1D1980FC8700E00966 /* Sources */,
				EDF39E1E1980FC8700E00966 /* Frameworks */,
				EDF39E1F1980FC8700E00966 /* Resources */,
			);
			buildRules = (
			);
			dependencies = (
				EDF39E281980FC8700E00966 /* PBXTargetDependency */,
			);
			name = OWNTTTests;
			productName = OWNTTTests;
			productReference = EDF39E211980FC8700E00966 /* OWNTTTests.xctest */;
			productType = "com.apple.product-type.bundle.unit-test";
		};
/* End PBXNativeTarget section */

/* Begin PBXProject section */
		EDF39DF01980FC8700E00966 /* Project object */ = {
			isa = PBXProject;
			attributes = {
				CLASSPREFIX = LM;
				LastUpgradeCheck = 0510;
				TargetAttributes = {
					EDF39E201980FC8700E00966 = {
						TestTargetID = EDF39DF71980FC8700E00966;
					};
				};
			};
			buildConfigurationList = EDF39DF31980FC8700E00966 /* Build configuration list for PBXProject "OWNTT" */;
			compatibilityVersion = "Xcode 3.2";
			developmentRegion = English;
			hasScannedForEncodings = 0;
			knownRegions = (
				en,
				Base,
			);
			mainGroup = EDF39DEF1980FC8700E00966;
			productRefGroup = EDF39DF91980FC8700E00966 /* Products */;
			projectDirPath = "";
			projectRoot = "";
			targets = (
				EDF39DF71980FC8700E00966 /* OWNTT */,
				EDF39E201980FC8700E00966 /* OWNTTTests */,
			);
		};
/* End PBXProject section */

/* Begin PBXResourcesBuildPhase section */
		EDF39DF61980FC8700E00966 /* Resources */ = {
			isa = PBXResourcesBuildPhase;
			buildActionMask = 2147483647;
			files = (
				25036AEB198D5F0700EAE355 /* LMBranchTableViewCell_iPhone.xib in Resources */,
				EDF39E64198103B700E00966 /* mogend.sh in Resources */,
				25146A8919924FDA001DC8E3 /* LMWebViewController_iPhone.xib in Resources */,
				250F89BA19915B0000D91836 /* LMDataPickerView_iPhone.xib in Resources */,
				250FD8211986DC320047EB42 /* LMSummaryReportViewController_iPhone.xib in Resources */,
				250F89AB1991566900D91836 /* pickListData.json in Resources */,
				25036ADF198D51A500EAE355 /* logo.png in Resources */,
				EDF39E7519810C6100E00966 /* LMSplashViewController_iPhone.xib in Resources */,
				25036AE1198D521F00EAE355 /* logoSplash.png in Resources */,
				EDF39E511980FF7D00E00966 /* Images.xcassets in Resources */,
				25036AAF198D294600EAE355 /* tabbar3@2x.png in Resources */,
				25036AAC198D294600EAE355 /* tabbar2.png in Resources */,
				EDF39E501980FF7D00E00966 /* InfoPlist.strings in Resources */,
				25036AB0198D294600EAE355 /* tabbar4.png in Resources */,
				EDD131AA198117B1006F39E3 /* Storyboard.storyboard in Resources */,
				25036AAE198D294600EAE355 /* tabbar3.png in Resources */,
				EDD131AE198120FA006F39E3 /* LMLoginViewController_iPhone.xib in Resources */,
				25036AAD198D294600EAE355 /* tabbar2@2x.png in Resources */,
				250F89C519920B6E00D91836 /* LMAlertSummaryViewController_iPhone.xib in Resources */,
				25146A811992388F001DC8E3 /* LMDatePickerView_iPhone.xib in Resources */,
				EDF39E63198103B700E00966 /* mogen.sh in Resources */,
				EDE87C0319867C8F00043861 /* LMSettingsViewController_iPhone.xib in Resources */,
				25036AAA198D294600EAE355 /* tabbar1.png in Resources */,
				253F1F3E198E219400158407 /* tree.json in Resources */,
				25036AAB198D294600EAE355 /* tabbar1@2x.png in Resources */,
				25FAFCB21990D7F200FCD226 /* LMMenuViewController_iPhone.xib in Resources */,
				EDD131C119812F48006F39E3 /* LMBranchViewController_iPhone.xib in Resources */,
				25FAFCBA1990DC1B00FCD226 /* LMMenuTableViewCell_iPhone.xib in Resources */,
				25036ADD198D4D1300EAE355 /* settings.plist in Resources */,
				25036AB1198D294600EAE355 /* tabbar4@2x.png in Resources */,
				25FF5B50198F68FA0043DA5D /* LMHeaderView_iPhone.xib in Resources */,
			);
			runOnlyForDeploymentPostprocessing = 0;
		};
		EDF39E1F1980FC8700E00966 /* Resources */ = {
			isa = PBXResourcesBuildPhase;
			buildActionMask = 2147483647;
			files = (
				EDF39E2E1980FC8700E00966 /* InfoPlist.strings in Resources */,
			);
			runOnlyForDeploymentPostprocessing = 0;
		};
/* End PBXResourcesBuildPhase section */

/* Begin PBXShellScriptBuildPhase section */
		68B1EAD3113140629FB2C5D4 /* Check Pods Manifest.lock */ = {
			isa = PBXShellScriptBuildPhase;
			buildActionMask = 2147483647;
			files = (
			);
			inputPaths = (
			);
			name = "Check Pods Manifest.lock";
			outputPaths = (
			);
			runOnlyForDeploymentPostprocessing = 0;
			shellPath = /bin/sh;
			shellScript = "diff \"${PODS_ROOT}/../Podfile.lock\" \"${PODS_ROOT}/Manifest.lock\" > /dev/null\nif [[ $? != 0 ]] ; then\n    cat << EOM\nerror: The sandbox is not in sync with the Podfile.lock. Run 'pod install' or update your CocoaPods installation.\nEOM\n    exit 1\nfi\n";
			showEnvVarsInLog = 0;
		};
		FA8FA3E9088E4F4D857CAE3D /* Copy Pods Resources */ = {
			isa = PBXShellScriptBuildPhase;
			buildActionMask = 2147483647;
			files = (
			);
			inputPaths = (
			);
			name = "Copy Pods Resources";
			outputPaths = (
			);
			runOnlyForDeploymentPostprocessing = 0;
			shellPath = /bin/sh;
			shellScript = "\"${SRCROOT}/Pods/Pods-resources.sh\"\n";
			showEnvVarsInLog = 0;
		};
/* End PBXShellScriptBuildPhase section */

/* Begin PBXSourcesBuildPhase section */
		EDF39DF41980FC8700E00966 /* Sources */ = {
			isa = PBXSourcesBuildPhase;
			buildActionMask = 2147483647;
			files = (
				25146A8719924FC5001DC8E3 /* LMWebViewController.m in Sources */,
				25FAFCCB1990E1D300FCD226 /* LMUserAlert.m in Sources */,
				25FF5B46198F50B00043DA5D /* _LMReport.m in Sources */,
				EDD131B919812EFD006F39E3 /* LMBranchInstanceViewController.m in Sources */,
				250F89C01991FBDF00D91836 /* LMDataPickerViewController.m in Sources */,
				25036AD5198D2E6900EAE355 /* LMUser.m in Sources */,
				25036AE9198D5EE300EAE355 /* LMBranchTableViewCell.m in Sources */,
				EDF39E551980FF7D00E00966 /* LMAppDelegate.m in Sources */,
				25036AC4198D2CCE00EAE355 /* NSManagedObjectContext+FetchedObjectFromURI.m in Sources */,
				253F1F4E198E276400158407 /* LMAdvertiser.m in Sources */,
				25FAFCAA1990D42900FCD226 /* LMTabBarViewController.m in Sources */,
				EDD131B619812ECF006F39E3 /* LMBranchViewController.m in Sources */,
				25036AC8198D2CDA00EAE355 /* ManagedObject.m in Sources */,
				EDF39E68198104D700E00966 /* LMLoginViewController.m in Sources */,
				EDF39E6B1981059C00E00966 /* LMSplashViewController.m in Sources */,
				EDF39E5B198101D500E00966 /* LMNavigationViewController.m in Sources */,
				25036AC5198D2CCE00EAE355 /* UIImage+Additions.m in Sources */,
				25FAFCCA1990E1D300FCD226 /* LMReadOnlyUserObject.m in Sources */,
				EDF39E541980FF7D00E00966 /* main.m in Sources */,
				253F1F56198E27BD00158407 /* LMProgram.m in Sources */,
				EDF39E6E1981060200E00966 /* LMSegueKeys.m in Sources */,
				250FD81F1986DC1C0047EB42 /* LMSummaryReportViewController.m in Sources */,
				253F1F5A198E9DBB00158407 /* LMReportWS.m in Sources */,
				250F89BD19915C1B00D91836 /* LMDataPickerView.m in Sources */,
				253F1F4F198E276400158407 /* LMInstance.m in Sources */,
				EDD131BF19812F2E006F39E3 /* LMBranchProgramViewController.m in Sources */,
				250F89C319920B4A00D91836 /* LMAlertSummaryViewController.m in Sources */,
				25FAFCCC1990E1D300FCD226 /* LMUserReport.m in Sources */,
				25FAFCB51990D81F00FCD226 /* LMMenuViewController.m in Sources */,
				25FAFCC71990E1D300FCD226 /* _LMReadOnlyUserObject.m in Sources */,
				25146A84199238B3001DC8E3 /* LMDatePickerView.m in Sources */,
				25FAFCB01990D7A000FCD226 /* LMAlertMenuViewController.m in Sources */,
				EDD131BC19812F1E006F39E3 /* LMBranchAdvertiserViewController.m in Sources */,
				253F1F50198E276400158407 /* LMReadOnlyObject.m in Sources */,
				25FAFCC81990E1D300FCD226 /* _LMUserAlert.m in Sources */,
				25036ADB198D466600EAE355 /* LMAppUtils.m in Sources */,
				25036AC3198D2CCE00EAE355 /* NSManagedObject+Fetch.m in Sources */,
				250F89CB19921D5F00D91836 /* LMDatePickerViewController.m in Sources */,
				253F1F4C198E276400158407 /* _LMInstance.m in Sources */,
				25036AD4198D2E6900EAE355 /* _LMUser.m in Sources */,
				250F89C819920C0B00D91836 /* LMSummaryBaseViewController.m in Sources */,
				253F1F55198E27BD00158407 /* _LMProgram.m in Sources */,
				250F89AE1991577500D91836 /* LMReferenceData.m in Sources */,
				25FAFCC91990E1D300FCD226 /* _LMUserReport.m in Sources */,
				EDD131B31981272C006F39E3 /* LMTextField.m in Sources */,
				25146A8F199290D2001DC8E3 /* LMRotateViewController.m in Sources */,
				25FAFCA71990C41600FCD226 /* LMData.m in Sources */,
				EDE87C0119867C7E00043861 /* LMSettingsViewController.m in Sources */,
				EDF39E531980FF7D00E00966 /* OWNTT.xcdatamodeld in Sources */,
				25FF5B49198F50B70043DA5D /* LMReport.m in Sources */,
				25FAFCAD1990D79300FCD226 /* LMReportMenuViewController.m in Sources */,
				252CB2D819901454002677B8 /* LMBranchReportViewController.m in Sources */,
				25FAFCB81990DBFB00FCD226 /* LMMenuTableViewCell.m in Sources */,
				25FF5B4D198F68CB0043DA5D /* LMHeaderView.m in Sources */,
				253F1F4D198E276400158407 /* _LMReadOnlyObject.m in Sources */,
				EDD131C81981316A006F39E3 /* LMButton.m in Sources */,
				EDE87C0619867E9100043861 /* LMUtils.m in Sources */,
				EDF39E7319810AE700E00966 /* LMHostChildBaseViewController.m in Sources */,
				253F1F4B198E276400158407 /* _LMAdvertiser.m in Sources */,
			);
			runOnlyForDeploymentPostprocessing = 0;
		};
		EDF39E1D1980FC8700E00966 /* Sources */ = {
			isa = PBXSourcesBuildPhase;
			buildActionMask = 2147483647;
			files = (
				EDF39E301980FC8700E00966 /* OWNTTTests.m in Sources */,
			);
			runOnlyForDeploymentPostprocessing = 0;
		};
/* End PBXSourcesBuildPhase section */

/* Begin PBXTargetDependency section */
		EDF39E281980FC8700E00966 /* PBXTargetDependency */ = {
			isa = PBXTargetDependency;
			target = EDF39DF71980FC8700E00966 /* OWNTT */;
			targetProxy = EDF39E271980FC8700E00966 /* PBXContainerItemProxy */;
		};
/* End PBXTargetDependency section */

/* Begin PBXVariantGroup section */
		EDF39E2C1980FC8700E00966 /* InfoPlist.strings */ = {
			isa = PBXVariantGroup;
			children = (
				EDF39E2D1980FC8700E00966 /* en */,
			);
			name = InfoPlist.strings;
			sourceTree = "<group>";
		};
		EDF39E3D1980FF7D00E00966 /* InfoPlist.strings */ = {
			isa = PBXVariantGroup;
			children = (
				EDF39E3E1980FF7D00E00966 /* en */,
			);
			name = InfoPlist.strings;
			sourceTree = "<group>";
		};
/* End PBXVariantGroup section */

/* Begin XCBuildConfiguration section */
		EDF39E311980FC8700E00966 /* Debug */ = {
			isa = XCBuildConfiguration;
			buildSettings = {
				ALWAYS_SEARCH_USER_PATHS = NO;
				CLANG_CXX_LANGUAGE_STANDARD = "gnu++0x";
				CLANG_CXX_LIBRARY = "libc++";
				CLANG_ENABLE_MODULES = YES;
				CLANG_ENABLE_OBJC_ARC = YES;
				CLANG_WARN_BOOL_CONVERSION = YES;
				CLANG_WARN_CONSTANT_CONVERSION = YES;
				CLANG_WARN_DIRECT_OBJC_ISA_USAGE = YES_ERROR;
				CLANG_WARN_EMPTY_BODY = YES;
				CLANG_WARN_ENUM_CONVERSION = YES;
				CLANG_WARN_INT_CONVERSION = YES;
				CLANG_WARN_OBJC_ROOT_CLASS = YES_ERROR;
				CLANG_WARN__DUPLICATE_METHOD_MATCH = YES;
				"CODE_SIGN_IDENTITY[sdk=iphoneos*]" = "iPhone Developer";
				COPY_PHASE_STRIP = NO;
				GCC_C_LANGUAGE_STANDARD = gnu99;
				GCC_DYNAMIC_NO_PIC = NO;
				GCC_OPTIMIZATION_LEVEL = 0;
				GCC_PREPROCESSOR_DEFINITIONS = (
					"DEBUG=1",
					"$(inherited)",
				);
				GCC_SYMBOLS_PRIVATE_EXTERN = NO;
				GCC_WARN_64_TO_32_BIT_CONVERSION = YES;
				GCC_WARN_ABOUT_RETURN_TYPE = YES_ERROR;
				GCC_WARN_UNDECLARED_SELECTOR = YES;
				GCC_WARN_UNINITIALIZED_AUTOS = YES_AGGRESSIVE;
				GCC_WARN_UNUSED_FUNCTION = YES;
				GCC_WARN_UNUSED_VARIABLE = YES;
				IPHONEOS_DEPLOYMENT_TARGET = 7.1;
				ONLY_ACTIVE_ARCH = YES;
				SDKROOT = iphoneos;
			};
			name = Debug;
		};
		EDF39E321980FC8700E00966 /* Release */ = {
			isa = XCBuildConfiguration;
			buildSettings = {
				ALWAYS_SEARCH_USER_PATHS = NO;
				CLANG_CXX_LANGUAGE_STANDARD = "gnu++0x";
				CLANG_CXX_LIBRARY = "libc++";
				CLANG_ENABLE_MODULES = YES;
				CLANG_ENABLE_OBJC_ARC = YES;
				CLANG_WARN_BOOL_CONVERSION = YES;
				CLANG_WARN_CONSTANT_CONVERSION = YES;
				CLANG_WARN_DIRECT_OBJC_ISA_USAGE = YES_ERROR;
				CLANG_WARN_EMPTY_BODY = YES;
				CLANG_WARN_ENUM_CONVERSION = YES;
				CLANG_WARN_INT_CONVERSION = YES;
				CLANG_WARN_OBJC_ROOT_CLASS = YES_ERROR;
				CLANG_WARN__DUPLICATE_METHOD_MATCH = YES;
				"CODE_SIGN_IDENTITY[sdk=iphoneos*]" = "iPhone Developer";
				COPY_PHASE_STRIP = YES;
				ENABLE_NS_ASSERTIONS = NO;
				GCC_C_LANGUAGE_STANDARD = gnu99;
				GCC_WARN_64_TO_32_BIT_CONVERSION = YES;
				GCC_WARN_ABOUT_RETURN_TYPE = YES_ERROR;
				GCC_WARN_UNDECLARED_SELECTOR = YES;
				GCC_WARN_UNINITIALIZED_AUTOS = YES_AGGRESSIVE;
				GCC_WARN_UNUSED_FUNCTION = YES;
				GCC_WARN_UNUSED_VARIABLE = YES;
				IPHONEOS_DEPLOYMENT_TARGET = 7.1;
				SDKROOT = iphoneos;
				VALIDATE_PRODUCT = YES;
			};
			name = Release;
		};
		EDF39E341980FC8700E00966 /* Debug */ = {
			isa = XCBuildConfiguration;
			baseConfigurationReference = 7E43CB3D41384074996BB063 /* Pods.xcconfig */;
			buildSettings = {
				ASSETCATALOG_COMPILER_APPICON_NAME = AppIcon;
				ASSETCATALOG_COMPILER_LAUNCHIMAGE_NAME = LaunchImage;
				FRAMEWORK_SEARCH_PATHS = (
					"$(inherited)",
					"\"$(PROJECT_DIR)/OWNTT/3rdParty\"/**",
					"$(PROJECT_DIR)/OWNTT/3rdParty",
				);
				GCC_PRECOMPILE_PREFIX_HEADER = YES;
				GCC_PREFIX_HEADER = "OWNTT/Resources/Configuration/OWNTT-Prefix.pch";
				INFOPLIST_FILE = "OWNTT/Resources/Configuration/OWNTT-Info.plist";
				OTHER_LDFLAGS = "-all_load";
				PRODUCT_NAME = "$(TARGET_NAME)";
				WRAPPER_EXTENSION = app;
			};
			name = Debug;
		};
		EDF39E351980FC8700E00966 /* Release */ = {
			isa = XCBuildConfiguration;
			baseConfigurationReference = 7E43CB3D41384074996BB063 /* Pods.xcconfig */;
			buildSettings = {
				ASSETCATALOG_COMPILER_APPICON_NAME = AppIcon;
				ASSETCATALOG_COMPILER_LAUNCHIMAGE_NAME = LaunchImage;
				FRAMEWORK_SEARCH_PATHS = (
					"$(inherited)",
					"\"$(PROJECT_DIR)/OWNTT/3rdParty\"/**",
					"$(PROJECT_DIR)/OWNTT/3rdParty",
				);
				GCC_PRECOMPILE_PREFIX_HEADER = YES;
				GCC_PREFIX_HEADER = "OWNTT/Resources/Configuration/OWNTT-Prefix.pch";
				INFOPLIST_FILE = "OWNTT/Resources/Configuration/OWNTT-Info.plist";
				OTHER_LDFLAGS = "-all_load";
				PRODUCT_NAME = "$(TARGET_NAME)";
				WRAPPER_EXTENSION = app;
			};
			name = Release;
		};
		EDF39E371980FC8700E00966 /* Debug */ = {
			isa = XCBuildConfiguration;
			buildSettings = {
				BUNDLE_LOADER = "$(BUILT_PRODUCTS_DIR)/OWNTT.app/OWNTT";
				FRAMEWORK_SEARCH_PATHS = (
					"$(SDKROOT)/Developer/Library/Frameworks",
					"$(inherited)",
					"$(DEVELOPER_FRAMEWORKS_DIR)",
				);
				GCC_PRECOMPILE_PREFIX_HEADER = YES;
				GCC_PREFIX_HEADER = "OWNTT/OWNTT-Prefix.pch";
				GCC_PREPROCESSOR_DEFINITIONS = (
					"DEBUG=1",
					"$(inherited)",
				);
				INFOPLIST_FILE = "OWNTTTests/OWNTTTests-Info.plist";
				PRODUCT_NAME = "$(TARGET_NAME)";
				TEST_HOST = "$(BUNDLE_LOADER)";
				WRAPPER_EXTENSION = xctest;
			};
			name = Debug;
		};
		EDF39E381980FC8700E00966 /* Release */ = {
			isa = XCBuildConfiguration;
			buildSettings = {
				BUNDLE_LOADER = "$(BUILT_PRODUCTS_DIR)/OWNTT.app/OWNTT";
				FRAMEWORK_SEARCH_PATHS = (
					"$(SDKROOT)/Developer/Library/Frameworks",
					"$(inherited)",
					"$(DEVELOPER_FRAMEWORKS_DIR)",
				);
				GCC_PRECOMPILE_PREFIX_HEADER = YES;
				GCC_PREFIX_HEADER = "OWNTT/OWNTT-Prefix.pch";
				INFOPLIST_FILE = "OWNTTTests/OWNTTTests-Info.plist";
				PRODUCT_NAME = "$(TARGET_NAME)";
				TEST_HOST = "$(BUNDLE_LOADER)";
				WRAPPER_EXTENSION = xctest;
			};
			name = Release;
		};
/* End XCBuildConfiguration section */

/* Begin XCConfigurationList section */
		EDF39DF31980FC8700E00966 /* Build configuration list for PBXProject "OWNTT" */ = {
			isa = XCConfigurationList;
			buildConfigurations = (
				EDF39E311980FC8700E00966 /* Debug */,
				EDF39E321980FC8700E00966 /* Release */,
			);
			defaultConfigurationIsVisible = 0;
			defaultConfigurationName = Release;
		};
		EDF39E331980FC8700E00966 /* Build configuration list for PBXNativeTarget "OWNTT" */ = {
			isa = XCConfigurationList;
			buildConfigurations = (
				EDF39E341980FC8700E00966 /* Debug */,
				EDF39E351980FC8700E00966 /* Release */,
			);
			defaultConfigurationIsVisible = 0;
			defaultConfigurationName = Release;
		};
		EDF39E361980FC8700E00966 /* Build configuration list for PBXNativeTarget "OWNTTTests" */ = {
			isa = XCConfigurationList;
			buildConfigurations = (
				EDF39E371980FC8700E00966 /* Debug */,
				EDF39E381980FC8700E00966 /* Release */,
			);
			defaultConfigurationIsVisible = 0;
			defaultConfigurationName = Release;
		};
/* End XCConfigurationList section */

/* Begin XCVersionGroup section */
		EDF39E451980FF7D00E00966 /* OWNTT.xcdatamodeld */ = {
			isa = XCVersionGroup;
			children = (
				EDF39E461980FF7D00E00966 /* OWNTT.xcdatamodel */,
			);
			currentVersion = EDF39E461980FF7D00E00966 /* OWNTT.xcdatamodel */;
			path = OWNTT.xcdatamodeld;
			sourceTree = "<group>";
			versionGroupType = wrapper.xcdatamodel;
		};
/* End XCVersionGroup section */
	};
	rootObject = EDF39DF01980FC8700E00966 /* Project object */;
}
